// !$*UTF8*$!
{
	archiveVersion = 1;
	classes = {
	};
	objectVersion = 50;
	objects = {

/* Begin PBXBuildFile section */
		A2E656A82342911400EA5F56 /* AppDelegate.swift in Sources */ = {isa = PBXBuildFile; fileRef = A2E656A72342911400EA5F56 /* AppDelegate.swift */; };
		A2E656AA2342911400EA5F56 /* SceneDelegate.swift in Sources */ = {isa = PBXBuildFile; fileRef = A2E656A92342911400EA5F56 /* SceneDelegate.swift */; };
		A2E656AF2342911400EA5F56 /* Main.storyboard in Resources */ = {isa = PBXBuildFile; fileRef = A2E656AD2342911400EA5F56 /* Main.storyboard */; };
		A2E656B12342911400EA5F56 /* Assets.xcassets in Resources */ = {isa = PBXBuildFile; fileRef = A2E656B02342911400EA5F56 /* Assets.xcassets */; };
		A2E656B42342911400EA5F56 /* LaunchScreen.storyboard in Resources */ = {isa = PBXBuildFile; fileRef = A2E656B22342911400EA5F56 /* LaunchScreen.storyboard */; };
		A2E656BC234291B800EA5F56 /* AlbumsTableViewController.swift in Sources */ = {isa = PBXBuildFile; fileRef = A2E656BB234291B800EA5F56 /* AlbumsTableViewController.swift */; };
		A2E656BE2342958500EA5F56 /* AlbumDetailTableViewController.swift in Sources */ = {isa = PBXBuildFile; fileRef = A2E656BD2342958500EA5F56 /* AlbumDetailTableViewController.swift */; };
		A2E656C02342980700EA5F56 /* SongTableViewCell.swift in Sources */ = {isa = PBXBuildFile; fileRef = A2E656BF2342980700EA5F56 /* SongTableViewCell.swift */; };
/* End PBXBuildFile section */

/* Begin PBXFileReference section */
		A2E656A42342911400EA5F56 /* ios-albums.app */ = {isa = PBXFileReference; explicitFileType = wrapper.application; includeInIndex = 0; path = "ios-albums.app"; sourceTree = BUILT_PRODUCTS_DIR; };
		A2E656A72342911400EA5F56 /* AppDelegate.swift */ = {isa = PBXFileReference; lastKnownFileType = sourcecode.swift; path = AppDelegate.swift; sourceTree = "<group>"; };
		A2E656A92342911400EA5F56 /* SceneDelegate.swift */ = {isa = PBXFileReference; lastKnownFileType = sourcecode.swift; path = SceneDelegate.swift; sourceTree = "<group>"; };
		A2E656AE2342911400EA5F56 /* Base */ = {isa = PBXFileReference; lastKnownFileType = file.storyboard; name = Base; path = Base.lproj/Main.storyboard; sourceTree = "<group>"; };
		A2E656B02342911400EA5F56 /* Assets.xcassets */ = {isa = PBXFileReference; lastKnownFileType = folder.assetcatalog; path = Assets.xcassets; sourceTree = "<group>"; };
		A2E656B32342911400EA5F56 /* Base */ = {isa = PBXFileReference; lastKnownFileType = file.storyboard; name = Base; path = Base.lproj/LaunchScreen.storyboard; sourceTree = "<group>"; };
		A2E656B52342911400EA5F56 /* Info.plist */ = {isa = PBXFileReference; lastKnownFileType = text.plist.xml; path = Info.plist; sourceTree = "<group>"; };
		A2E656BB234291B800EA5F56 /* AlbumsTableViewController.swift */ = {isa = PBXFileReference; lastKnownFileType = sourcecode.swift; path = AlbumsTableViewController.swift; sourceTree = "<group>"; };
		A2E656BD2342958500EA5F56 /* AlbumDetailTableViewController.swift */ = {isa = PBXFileReference; lastKnownFileType = sourcecode.swift; path = AlbumDetailTableViewController.swift; sourceTree = "<group>"; };
		A2E656BF2342980700EA5F56 /* SongTableViewCell.swift */ = {isa = PBXFileReference; lastKnownFileType = sourcecode.swift; path = SongTableViewCell.swift; sourceTree = "<group>"; };
/* End PBXFileReference section */

/* Begin PBXFrameworksBuildPhase section */
		A2E656A12342911400EA5F56 /* Frameworks */ = {
			isa = PBXFrameworksBuildPhase;
			buildActionMask = 2147483647;
			files = (
			);
			runOnlyForDeploymentPostprocessing = 0;
		};
/* End PBXFrameworksBuildPhase section */

/* Begin PBXGroup section */
		A2E6569B2342911400EA5F56 = {
			isa = PBXGroup;
			children = (
				A2E656A62342911400EA5F56 /* ios-albums */,
				A2E656A52342911400EA5F56 /* Products */,
			);
			sourceTree = "<group>";
		};
		A2E656A52342911400EA5F56 /* Products */ = {
			isa = PBXGroup;
			children = (
				A2E656A42342911400EA5F56 /* ios-albums.app */,
			);
			name = Products;
			sourceTree = "<group>";
		};
		A2E656A62342911400EA5F56 /* ios-albums */ = {
			isa = PBXGroup;
			children = (
				A2E656A72342911400EA5F56 /* AppDelegate.swift */,
				A2E656A92342911400EA5F56 /* SceneDelegate.swift */,
				A2E656C22342981C00EA5F56 /* Views */,
				A2E656C12342981200EA5F56 /* View Controllers */,
				A2E656C32342982C00EA5F56 /* Storyboards */,
				A2E656B02342911400EA5F56 /* Assets.xcassets */,
				A2E656B52342911400EA5F56 /* Info.plist */,
			);
			path = "ios-albums";
			sourceTree = "<group>";
		};
		A2E656C12342981200EA5F56 /* View Controllers */ = {
			isa = PBXGroup;
			children = (
				A2E656BB234291B800EA5F56 /* AlbumsTableViewController.swift */,
				A2E656BD2342958500EA5F56 /* AlbumDetailTableViewController.swift */,
			);
			path = "View Controllers";
			sourceTree = "<group>";
		};
		A2E656C22342981C00EA5F56 /* Views */ = {
			isa = PBXGroup;
			children = (
				A2E656BF2342980700EA5F56 /* SongTableViewCell.swift */,
			);
			path = Views;
			sourceTree = "<group>";
		};
		A2E656C32342982C00EA5F56 /* Storyboards */ = {
			isa = PBXGroup;
			children = (
				A2E656AD2342911400EA5F56 /* Main.storyboard */,
				A2E656B22342911400EA5F56 /* LaunchScreen.storyboard */,
			);
			path = Storyboards;
			sourceTree = "<group>";
		};
/* End PBXGroup section */

/* Begin PBXNativeTarget section */
		A2E656A32342911400EA5F56 /* ios-albums */ = {
			isa = PBXNativeTarget;
			buildConfigurationList = A2E656B82342911400EA5F56 /* Build configuration list for PBXNativeTarget "ios-albums" */;
			buildPhases = (
				A2E656A02342911400EA5F56 /* Sources */,
				A2E656A12342911400EA5F56 /* Frameworks */,
				A2E656A22342911400EA5F56 /* Resources */,
			);
			buildRules = (
			);
			dependencies = (
			);
			name = "ios-albums";
			productName = "ios-albums";
			productReference = A2E656A42342911400EA5F56 /* ios-albums.app */;
			productType = "com.apple.product-type.application";
		};
/* End PBXNativeTarget section */

/* Begin PBXProject section */
		A2E6569C2342911400EA5F56 /* Project object */ = {
			isa = PBXProject;
			attributes = {
				LastSwiftUpdateCheck = 1100;
				LastUpgradeCheck = 1100;
				ORGANIZATIONNAME = "Alex Shillingford";
				TargetAttributes = {
					A2E656A32342911400EA5F56 = {
						CreatedOnToolsVersion = 11.0;
					};
				};
			};
			buildConfigurationList = A2E6569F2342911400EA5F56 /* Build configuration list for PBXProject "ios-albums" */;
			compatibilityVersion = "Xcode 9.3";
			developmentRegion = en;
			hasScannedForEncodings = 0;
			knownRegions = (
				en,
				Base,
			);
			mainGroup = A2E6569B2342911400EA5F56;
			productRefGroup = A2E656A52342911400EA5F56 /* Products */;
			projectDirPath = "";
			projectRoot = "";
			targets = (
				A2E656A32342911400EA5F56 /* ios-albums */,
			);
		};
/* End PBXProject section */

/* Begin PBXResourcesBuildPhase section */
		A2E656A22342911400EA5F56 /* Resources */ = {
			isa = PBXResourcesBuildPhase;
			buildActionMask = 2147483647;
			files = (
				A2E656B42342911400EA5F56 /* LaunchScreen.storyboard in Resources */,
				A2E656B12342911400EA5F56 /* Assets.xcassets in Resources */,
				A2E656AF2342911400EA5F56 /* Main.storyboard in Resources */,
			);
			runOnlyForDeploymentPostprocessing = 0;
		};
/* End PBXResourcesBuildPhase section */

/* Begin PBXSourcesBuildPhase section */
		A2E656A02342911400EA5F56 /* Sources */ = {
			isa = PBXSourcesBuildPhase;
			buildActionMask = 2147483647;
			files = (
				A2E656A82342911400EA5F56 /* AppDelegate.swift in Sources */,
				A2E656BC234291B800EA5F56 /* AlbumsTableViewController.swift in Sources */,
				A2E656C02342980700EA5F56 /* SongTableViewCell.swift in Sources */,
				A2E656BE2342958500EA5F56 /* AlbumDetailTableViewController.swift in Sources */,
				A2E656AA2342911400EA5F56 /* SceneDelegate.swift in Sources */,
			);
			runOnlyForDeploymentPostprocessing = 0;
		};
/* End PBXSourcesBuildPhase section */

/* Begin PBXVariantGroup section */
		A2E656AD2342911400EA5F56 /* Main.storyboard */ = {
			isa = PBXVariantGroup;
			children = (
				A2E656AE2342911400EA5F56 /* Base */,
			);
			name = Main.storyboard;
			sourceTree = "<group>";
		};
		A2E656B22342911400EA5F56 /* LaunchScreen.storyboard */ = {
			isa = PBXVariantGroup;
			children = (
				A2E656B32342911400EA5F56 /* Base */,
			);
			name = LaunchScreen.storyboard;
			sourceTree = "<group>";
		};
/* End PBXVariantGroup section */

/* Begin XCBuildConfiguration section */
		A2E656B62342911400EA5F56 /* Debug */ = {
			isa = XCBuildConfiguration;
			buildSettings = {
				ALWAYS_SEARCH_USER_PATHS = NO;
				CLANG_ANALYZER_NONNULL = YES;
				CLANG_ANALYZER_NUMBER_OBJECT_CONVERSION = YES_AGGRESSIVE;
				CLANG_CXX_LANGUAGE_STANDARD = "gnu++14";
				CLANG_CXX_LIBRARY = "libc++";
				CLANG_ENABLE_MODULES = YES;
				CLANG_ENABLE_OBJC_ARC = YES;
				CLANG_ENABLE_OBJC_WEAK = YES;
				CLANG_WARN_BLOCK_CAPTURE_AUTORELEASING = YES;
				CLANG_WARN_BOOL_CONVERSION = YES;
				CLANG_WARN_COMMA = YES;
				CLANG_WARN_CONSTANT_CONVERSION = YES;
				CLANG_WARN_DEPRECATED_OBJC_IMPLEMENTATIONS = YES;
				CLANG_WARN_DIRECT_OBJC_ISA_USAGE = YES_ERROR;
				CLANG_WARN_DOCUMENTATION_COMMENTS = YES;
				CLANG_WARN_EMPTY_BODY = YES;
				CLANG_WARN_ENUM_CONVERSION = YES;
				CLANG_WARN_INFINITE_RECURSION = YES;
				CLANG_WARN_INT_CONVERSION = YES;
				CLANG_WARN_NON_LITERAL_NULL_CONVERSION = YES;
				CLANG_WARN_OBJC_IMPLICIT_RETAIN_SELF = YES;
				CLANG_WARN_OBJC_LITERAL_CONVERSION = YES;
				CLANG_WARN_OBJC_ROOT_CLASS = YES_ERROR;
				CLANG_WARN_RANGE_LOOP_ANALYSIS = YES;
				CLANG_WARN_STRICT_PROTOTYPES = YES;
				CLANG_WARN_SUSPICIOUS_MOVE = YES;
				CLANG_WARN_UNGUARDED_AVAILABILITY = YES_AGGRESSIVE;
				CLANG_WARN_UNREACHABLE_CODE = YES;
				CLANG_WARN__DUPLICATE_METHOD_MATCH = YES;
				COPY_PHASE_STRIP = NO;
				DEBUG_INFORMATION_FORMAT = dwarf;
				ENABLE_STRICT_OBJC_MSGSEND = YES;
				ENABLE_TESTABILITY = YES;
				GCC_C_LANGUAGE_STANDARD = gnu11;
				GCC_DYNAMIC_NO_PIC = NO;
				GCC_NO_COMMON_BLOCKS = YES;
				GCC_OPTIMIZATION_LEVEL = 0;
				GCC_PREPROCESSOR_DEFINITIONS = (
					"DEBUG=1",
					"$(inherited)",
				);
				GCC_WARN_64_TO_32_BIT_CONVERSION = YES;
				GCC_WARN_ABOUT_RETURN_TYPE = YES_ERROR;
				GCC_WARN_UNDECLARED_SELECTOR = YES;
				GCC_WARN_UNINITIALIZED_AUTOS = YES_AGGRESSIVE;
				GCC_WARN_UNUSED_FUNCTION = YES;
				GCC_WARN_UNUSED_VARIABLE = YES;
				IPHONEOS_DEPLOYMENT_TARGET = 13.0;
				MTL_ENABLE_DEBUG_INFO = INCLUDE_SOURCE;
				MTL_FAST_MATH = YES;
				ONLY_ACTIVE_ARCH = YES;
				SDKROOT = iphoneos;
				SWIFT_ACTIVE_COMPILATION_CONDITIONS = DEBUG;
				SWIFT_OPTIMIZATION_LEVEL = "-Onone";
			};
			name = Debug;
		};
		A2E656B72342911400EA5F56 /* Release */ = {
			isa = XCBuildConfiguration;
			buildSettings = {
				ALWAYS_SEARCH_USER_PATHS = NO;
				CLANG_ANALYZER_NONNULL = YES;
				CLANG_ANALYZER_NUMBER_OBJECT_CONVERSION = YES_AGGRESSIVE;
				CLANG_CXX_LANGUAGE_STANDARD = "gnu++14";
				CLANG_CXX_LIBRARY = "libc++";
				CLANG_ENABLE_MODULES = YES;
				CLANG_ENABLE_OBJC_ARC = YES;
				CLANG_ENABLE_OBJC_WEAK = YES;
				CLANG_WARN_BLOCK_CAPTURE_AUTORELEASING = YES;
				CLANG_WARN_BOOL_CONVERSION = YES;
				CLANG_WARN_COMMA = YES;
				CLANG_WARN_CONSTANT_CONVERSION = YES;
				CLANG_WARN_DEPRECATED_OBJC_IMPLEMENTATIONS = YES;
				CLANG_WARN_DIRECT_OBJC_ISA_USAGE = YES_ERROR;
				CLANG_WARN_DOCUMENTATION_COMMENTS = YES;
				CLANG_WARN_EMPTY_BODY = YES;
				CLANG_WARN_ENUM_CONVERSION = YES;
				CLANG_WARN_INFINITE_RECURSION = YES;
				CLANG_WARN_INT_CONVERSION = YES;
				CLANG_WARN_NON_LITERAL_NULL_CONVERSION = YES;
				CLANG_WARN_OBJC_IMPLICIT_RETAIN_SELF = YES;
				CLANG_WARN_OBJC_LITERAL_CONVERSION = YES;
				CLANG_WARN_OBJC_ROOT_CLASS = YES_ERROR;
				CLANG_WARN_RANGE_LOOP_ANALYSIS = YES;
				CLANG_WARN_STRICT_PROTOTYPES = YES;
				CLANG_WARN_SUSPICIOUS_MOVE = YES;
				CLANG_WARN_UNGUARDED_AVAILABILITY = YES_AGGRESSIVE;
				CLANG_WARN_UNREACHABLE_CODE = YES;
				CLANG_WARN__DUPLICATE_METHOD_MATCH = YES;
				COPY_PHASE_STRIP = NO;
				DEBUG_INFORMATION_FORMAT = "dwarf-with-dsym";
				ENABLE_NS_ASSERTIONS = NO;
				ENABLE_STRICT_OBJC_MSGSEND = YES;
				GCC_C_LANGUAGE_STANDARD = gnu11;
				GCC_NO_COMMON_BLOCKS = YES;
				GCC_WARN_64_TO_32_BIT_CONVERSION = YES;
				GCC_WARN_ABOUT_RETURN_TYPE = YES_ERROR;
				GCC_WARN_UNDECLARED_SELECTOR = YES;
				GCC_WARN_UNINITIALIZED_AUTOS = YES_AGGRESSIVE;
				GCC_WARN_UNUSED_FUNCTION = YES;
				GCC_WARN_UNUSED_VARIABLE = YES;
				IPHONEOS_DEPLOYMENT_TARGET = 13.0;
				MTL_ENABLE_DEBUG_INFO = NO;
				MTL_FAST_MATH = YES;
				SDKROOT = iphoneos;
				SWIFT_COMPILATION_MODE = wholemodule;
				SWIFT_OPTIMIZATION_LEVEL = "-O";
				VALIDATE_PRODUCT = YES;
			};
			name = Release;
		};
		A2E656B92342911400EA5F56 /* Debug */ = {
			isa = XCBuildConfiguration;
			buildSettings = {
				ASSETCATALOG_COMPILER_APPICON_NAME = AppIcon;
				CODE_SIGN_STYLE = Automatic;
				INFOPLIST_FILE = "ios-albums/Info.plist";
				LD_RUNPATH_SEARCH_PATHS = (
					"$(inherited)",
					"@executable_path/Frameworks",
				);
				PRODUCT_BUNDLE_IDENTIFIER = "com.shillwil.ios-albums";
				PRODUCT_NAME = "$(TARGET_NAME)";
				SWIFT_VERSION = 5.0;
				TARGETED_DEVICE_FAMILY = "1,2";
			};
			name = Debug;
		};
		A2E656BA2342911400EA5F56 /* Release */ = {
			isa = XCBuildConfiguration;
			buildSettings = {
				ASSETCATALOG_COMPILER_APPICON_NAME = AppIcon;
				CODE_SIGN_STYLE = Automatic;
				INFOPLIST_FILE = "ios-albums/Info.plist";
				LD_RUNPATH_SEARCH_PATHS = (
					"$(inherited)",
					"@executable_path/Frameworks",
				);
				PRODUCT_BUNDLE_IDENTIFIER = "com.shillwil.ios-albums";
				PRODUCT_NAME = "$(TARGET_NAME)";
				SWIFT_VERSION = 5.0;
				TARGETED_DEVICE_FAMILY = "1,2";
			};
			name = Release;
		};
/* End XCBuildConfiguration section */

/* Begin XCConfigurationList section */
		A2E6569F2342911400EA5F56 /* Build configuration list for PBXProject "ios-albums" */ = {
			isa = XCConfigurationList;
			buildConfigurations = (
				A2E656B62342911400EA5F56 /* Debug */,
				A2E656B72342911400EA5F56 /* Release */,
			);
			defaultConfigurationIsVisible = 0;
			defaultConfigurationName = Release;
		};
		A2E656B82342911400EA5F56 /* Build configuration list for PBXNativeTarget "ios-albums" */ = {
			isa = XCConfigurationList;
			buildConfigurations = (
				A2E656B92342911400EA5F56 /* Debug */,
				A2E656BA2342911400EA5F56 /* Release */,
			);
			defaultConfigurationIsVisible = 0;
			defaultConfigurationName = Release;
		};
/* End XCConfigurationList section */
	};
	rootObject = A2E6569C2342911400EA5F56 /* Project object */;
}
