// !$*UTF8*$!
{
	archiveVersion = 1;
	classes = {
	};
	objectVersion = 50;
	objects = {

/* Begin PBXBuildFile section */
		E0FE7B952419C6990040ACA2 /* AppDelegate.swift in Sources */ = {isa = PBXBuildFile; fileRef = E0FE7B942419C6990040ACA2 /* AppDelegate.swift */; };
		E0FE7B972419C6990040ACA2 /* SceneDelegate.swift in Sources */ = {isa = PBXBuildFile; fileRef = E0FE7B962419C6990040ACA2 /* SceneDelegate.swift */; };
		E0FE7B9C2419C6990040ACA2 /* Main.storyboard in Resources */ = {isa = PBXBuildFile; fileRef = E0FE7B9A2419C6990040ACA2 /* Main.storyboard */; };
		E0FE7B9E2419C69D0040ACA2 /* Assets.xcassets in Resources */ = {isa = PBXBuildFile; fileRef = E0FE7B9D2419C69D0040ACA2 /* Assets.xcassets */; };
		E0FE7BA12419C69D0040ACA2 /* LaunchScreen.storyboard in Resources */ = {isa = PBXBuildFile; fileRef = E0FE7B9F2419C69D0040ACA2 /* LaunchScreen.storyboard */; };
		E0FE7BA92419C6F80040ACA2 /* AlbumsTableViewController.swift in Sources */ = {isa = PBXBuildFile; fileRef = E0FE7BA82419C6F80040ACA2 /* AlbumsTableViewController.swift */; };
		E0FE7BAB2419C9500040ACA2 /* AlbumDetailTableViewController.swift in Sources */ = {isa = PBXBuildFile; fileRef = E0FE7BAA2419C9500040ACA2 /* AlbumDetailTableViewController.swift */; };
		E0FE7BAD2419CB3C0040ACA2 /* SongTableViewCell.swift in Sources */ = {isa = PBXBuildFile; fileRef = E0FE7BAC2419CB3C0040ACA2 /* SongTableViewCell.swift */; };
		E0FE7BB22419CD230040ACA2 /* Album.swift in Sources */ = {isa = PBXBuildFile; fileRef = E0FE7BB12419CD230040ACA2 /* Album.swift */; };
		E0FE7BB6241A5BE80040ACA2 /* exampleAlbum.json in Resources */ = {isa = PBXBuildFile; fileRef = E0FE7BB5241A5BE80040ACA2 /* exampleAlbum.json */; };
/* End PBXBuildFile section */

/* Begin PBXFileReference section */
		E0FE7B912419C6990040ACA2 /* MusicAlbums.app */ = {isa = PBXFileReference; explicitFileType = wrapper.application; includeInIndex = 0; path = MusicAlbums.app; sourceTree = BUILT_PRODUCTS_DIR; };
		E0FE7B942419C6990040ACA2 /* AppDelegate.swift */ = {isa = PBXFileReference; lastKnownFileType = sourcecode.swift; path = AppDelegate.swift; sourceTree = "<group>"; };
		E0FE7B962419C6990040ACA2 /* SceneDelegate.swift */ = {isa = PBXFileReference; lastKnownFileType = sourcecode.swift; path = SceneDelegate.swift; sourceTree = "<group>"; };
		E0FE7B9B2419C6990040ACA2 /* Base */ = {isa = PBXFileReference; lastKnownFileType = file.storyboard; name = Base; path = Base.lproj/Main.storyboard; sourceTree = "<group>"; };
		E0FE7B9D2419C69D0040ACA2 /* Assets.xcassets */ = {isa = PBXFileReference; lastKnownFileType = folder.assetcatalog; path = Assets.xcassets; sourceTree = "<group>"; };
		E0FE7BA02419C69D0040ACA2 /* Base */ = {isa = PBXFileReference; lastKnownFileType = file.storyboard; name = Base; path = Base.lproj/LaunchScreen.storyboard; sourceTree = "<group>"; };
		E0FE7BA22419C69D0040ACA2 /* Info.plist */ = {isa = PBXFileReference; lastKnownFileType = text.plist.xml; path = Info.plist; sourceTree = "<group>"; };
		E0FE7BA82419C6F80040ACA2 /* AlbumsTableViewController.swift */ = {isa = PBXFileReference; lastKnownFileType = sourcecode.swift; path = AlbumsTableViewController.swift; sourceTree = "<group>"; };
		E0FE7BAA2419C9500040ACA2 /* AlbumDetailTableViewController.swift */ = {isa = PBXFileReference; lastKnownFileType = sourcecode.swift; path = AlbumDetailTableViewController.swift; sourceTree = "<group>"; };
		E0FE7BAC2419CB3C0040ACA2 /* SongTableViewCell.swift */ = {isa = PBXFileReference; lastKnownFileType = sourcecode.swift; path = SongTableViewCell.swift; sourceTree = "<group>"; };
		E0FE7BB12419CD230040ACA2 /* Album.swift */ = {isa = PBXFileReference; lastKnownFileType = sourcecode.swift; path = Album.swift; sourceTree = "<group>"; };
		E0FE7BB5241A5BE80040ACA2 /* exampleAlbum.json */ = {isa = PBXFileReference; fileEncoding = 4; lastKnownFileType = text.json; name = exampleAlbum.json; path = ../../exampleAlbum.json; sourceTree = "<group>"; };
/* End PBXFileReference section */

/* Begin PBXFrameworksBuildPhase section */
		E0FE7B8E2419C6990040ACA2 /* Frameworks */ = {
			isa = PBXFrameworksBuildPhase;
			buildActionMask = 2147483647;
			files = (
			);
			runOnlyForDeploymentPostprocessing = 0;
		};
/* End PBXFrameworksBuildPhase section */

/* Begin PBXGroup section */
		E0FE7B882419C6990040ACA2 = {
			isa = PBXGroup;
			children = (
				E0FE7B932419C6990040ACA2 /* MusicAlbums */,
				E0FE7B922419C6990040ACA2 /* Products */,
			);
			sourceTree = "<group>";
		};
		E0FE7B922419C6990040ACA2 /* Products */ = {
			isa = PBXGroup;
			children = (
				E0FE7B912419C6990040ACA2 /* MusicAlbums.app */,
			);
			name = Products;
			sourceTree = "<group>";
		};
		E0FE7B932419C6990040ACA2 /* MusicAlbums */ = {
			isa = PBXGroup;
			children = (
				E0FE7BB5241A5BE80040ACA2 /* exampleAlbum.json */,
				E0FE7BB02419CCE20040ACA2 /* View Controllers */,
				E0FE7BAE2419CCBA0040ACA2 /* Models */,
				E0FE7BAF2419CCC10040ACA2 /* Views */,
				E0FE7B942419C6990040ACA2 /* AppDelegate.swift */,
				E0FE7B962419C6990040ACA2 /* SceneDelegate.swift */,
				E0FE7B9A2419C6990040ACA2 /* Main.storyboard */,
				E0FE7B9D2419C69D0040ACA2 /* Assets.xcassets */,
				E0FE7B9F2419C69D0040ACA2 /* LaunchScreen.storyboard */,
				E0FE7BA22419C69D0040ACA2 /* Info.plist */,
			);
			path = MusicAlbums;
			sourceTree = "<group>";
		};
		E0FE7BAE2419CCBA0040ACA2 /* Models */ = {
			isa = PBXGroup;
			children = (
				E0FE7BB12419CD230040ACA2 /* Album.swift */,
			);
			path = Models;
			sourceTree = "<group>";
		};
		E0FE7BAF2419CCC10040ACA2 /* Views */ = {
			isa = PBXGroup;
			children = (
				E0FE7BAC2419CB3C0040ACA2 /* SongTableViewCell.swift */,
			);
			path = Views;
			sourceTree = "<group>";
		};
		E0FE7BB02419CCE20040ACA2 /* View Controllers */ = {
			isa = PBXGroup;
			children = (
				E0FE7BA82419C6F80040ACA2 /* AlbumsTableViewController.swift */,
				E0FE7BAA2419C9500040ACA2 /* AlbumDetailTableViewController.swift */,
			);
			path = "View Controllers";
			sourceTree = "<group>";
		};
/* End PBXGroup section */

/* Begin PBXNativeTarget section */
		E0FE7B902419C6990040ACA2 /* MusicAlbums */ = {
			isa = PBXNativeTarget;
			buildConfigurationList = E0FE7BA52419C69D0040ACA2 /* Build configuration list for PBXNativeTarget "MusicAlbums" */;
			buildPhases = (
				E0FE7B8D2419C6990040ACA2 /* Sources */,
				E0FE7B8E2419C6990040ACA2 /* Frameworks */,
				E0FE7B8F2419C6990040ACA2 /* Resources */,
			);
			buildRules = (
			);
			dependencies = (
			);
			name = MusicAlbums;
			productName = MusicAlbums;
			productReference = E0FE7B912419C6990040ACA2 /* MusicAlbums.app */;
			productType = "com.apple.product-type.application";
		};
/* End PBXNativeTarget section */

/* Begin PBXProject section */
		E0FE7B892419C6990040ACA2 /* Project object */ = {
			isa = PBXProject;
			attributes = {
				LastSwiftUpdateCheck = 1130;
				LastUpgradeCheck = 1130;
				ORGANIZATIONNAME = "Sal B Amer";
				TargetAttributes = {
					E0FE7B902419C6990040ACA2 = {
						CreatedOnToolsVersion = 11.3.1;
					};
				};
			};
			buildConfigurationList = E0FE7B8C2419C6990040ACA2 /* Build configuration list for PBXProject "MusicAlbums" */;
			compatibilityVersion = "Xcode 9.3";
			developmentRegion = en;
			hasScannedForEncodings = 0;
			knownRegions = (
				en,
				Base,
			);
			mainGroup = E0FE7B882419C6990040ACA2;
			productRefGroup = E0FE7B922419C6990040ACA2 /* Products */;
			projectDirPath = "";
			projectRoot = "";
			targets = (
				E0FE7B902419C6990040ACA2 /* MusicAlbums */,
			);
		};
/* End PBXProject section */

/* Begin PBXResourcesBuildPhase section */
		E0FE7B8F2419C6990040ACA2 /* Resources */ = {
			isa = PBXResourcesBuildPhase;
			buildActionMask = 2147483647;
			files = (
				E0FE7BA12419C69D0040ACA2 /* LaunchScreen.storyboard in Resources */,
				E0FE7B9E2419C69D0040ACA2 /* Assets.xcassets in Resources */,
				E0FE7BB6241A5BE80040ACA2 /* exampleAlbum.json in Resources */,
				E0FE7B9C2419C6990040ACA2 /* Main.storyboard in Resources */,
			);
			runOnlyForDeploymentPostprocessing = 0;
		};
/* End PBXResourcesBuildPhase section */

/* Begin PBXSourcesBuildPhase section */
		E0FE7B8D2419C6990040ACA2 /* Sources */ = {
			isa = PBXSourcesBuildPhase;
			buildActionMask = 2147483647;
			files = (
				E0FE7B952419C6990040ACA2 /* AppDelegate.swift in Sources */,
				E0FE7BA92419C6F80040ACA2 /* AlbumsTableViewController.swift in Sources */,
				E0FE7BAD2419CB3C0040ACA2 /* SongTableViewCell.swift in Sources */,
				E0FE7BAB2419C9500040ACA2 /* AlbumDetailTableViewController.swift in Sources */,
				E0FE7B972419C6990040ACA2 /* SceneDelegate.swift in Sources */,
				E0FE7BB22419CD230040ACA2 /* Album.swift in Sources */,
			);
			runOnlyForDeploymentPostprocessing = 0;
		};
/* End PBXSourcesBuildPhase section */

/* Begin PBXVariantGroup section */
		E0FE7B9A2419C6990040ACA2 /* Main.storyboard */ = {
			isa = PBXVariantGroup;
			children = (
				E0FE7B9B2419C6990040ACA2 /* Base */,
			);
			name = Main.storyboard;
			sourceTree = "<group>";
		};
		E0FE7B9F2419C69D0040ACA2 /* LaunchScreen.storyboard */ = {
			isa = PBXVariantGroup;
			children = (
				E0FE7BA02419C69D0040ACA2 /* Base */,
			);
			name = LaunchScreen.storyboard;
			sourceTree = "<group>";
		};
/* End PBXVariantGroup section */

/* Begin XCBuildConfiguration section */
		E0FE7BA32419C69D0040ACA2 /* Debug */ = {
			isa = XCBuildConfiguration;
			buildSettings = {
				ALWAYS_SEARCH_USER_PATHS = NO;
				CLANG_ANALYZER_NONNULL = YES;
				CLANG_ANALYZER_NUMBER_OBJECT_CONVERSION = YES_AGGRESSIVE;
				CLANG_CXX_LANGUAGE_STANDARD = "gnu++14";
				CLANG_CXX_LIBRARY = "libc++";
				CLANG_ENABLE_MODULES = YES;
				CLANG_ENABLE_OBJC_ARC = YES;
				CLANG_ENABLE_OBJC_WEAK = YES;
				CLANG_WARN_BLOCK_CAPTURE_AUTORELEASING = YES;
				CLANG_WARN_BOOL_CONVERSION = YES;
				CLANG_WARN_COMMA = YES;
				CLANG_WARN_CONSTANT_CONVERSION = YES;
				CLANG_WARN_DEPRECATED_OBJC_IMPLEMENTATIONS = YES;
				CLANG_WARN_DIRECT_OBJC_ISA_USAGE = YES_ERROR;
				CLANG_WARN_DOCUMENTATION_COMMENTS = YES;
				CLANG_WARN_EMPTY_BODY = YES;
				CLANG_WARN_ENUM_CONVERSION = YES;
				CLANG_WARN_INFINITE_RECURSION = YES;
				CLANG_WARN_INT_CONVERSION = YES;
				CLANG_WARN_NON_LITERAL_NULL_CONVERSION = YES;
				CLANG_WARN_OBJC_IMPLICIT_RETAIN_SELF = YES;
				CLANG_WARN_OBJC_LITERAL_CONVERSION = YES;
				CLANG_WARN_OBJC_ROOT_CLASS = YES_ERROR;
				CLANG_WARN_RANGE_LOOP_ANALYSIS = YES;
				CLANG_WARN_STRICT_PROTOTYPES = YES;
				CLANG_WARN_SUSPICIOUS_MOVE = YES;
				CLANG_WARN_UNGUARDED_AVAILABILITY = YES_AGGRESSIVE;
				CLANG_WARN_UNREACHABLE_CODE = YES;
				CLANG_WARN__DUPLICATE_METHOD_MATCH = YES;
				COPY_PHASE_STRIP = NO;
				DEBUG_INFORMATION_FORMAT = dwarf;
				ENABLE_STRICT_OBJC_MSGSEND = YES;
				ENABLE_TESTABILITY = YES;
				GCC_C_LANGUAGE_STANDARD = gnu11;
				GCC_DYNAMIC_NO_PIC = NO;
				GCC_NO_COMMON_BLOCKS = YES;
				GCC_OPTIMIZATION_LEVEL = 0;
				GCC_PREPROCESSOR_DEFINITIONS = (
					"DEBUG=1",
					"$(inherited)",
				);
				GCC_WARN_64_TO_32_BIT_CONVERSION = YES;
				GCC_WARN_ABOUT_RETURN_TYPE = YES_ERROR;
				GCC_WARN_UNDECLARED_SELECTOR = YES;
				GCC_WARN_UNINITIALIZED_AUTOS = YES_AGGRESSIVE;
				GCC_WARN_UNUSED_FUNCTION = YES;
				GCC_WARN_UNUSED_VARIABLE = YES;
				IPHONEOS_DEPLOYMENT_TARGET = 13.2;
				MTL_ENABLE_DEBUG_INFO = INCLUDE_SOURCE;
				MTL_FAST_MATH = YES;
				ONLY_ACTIVE_ARCH = YES;
				SDKROOT = iphoneos;
				SWIFT_ACTIVE_COMPILATION_CONDITIONS = DEBUG;
				SWIFT_OPTIMIZATION_LEVEL = "-Onone";
			};
			name = Debug;
		};
		E0FE7BA42419C69D0040ACA2 /* Release */ = {
			isa = XCBuildConfiguration;
			buildSettings = {
				ALWAYS_SEARCH_USER_PATHS = NO;
				CLANG_ANALYZER_NONNULL = YES;
				CLANG_ANALYZER_NUMBER_OBJECT_CONVERSION = YES_AGGRESSIVE;
				CLANG_CXX_LANGUAGE_STANDARD = "gnu++14";
				CLANG_CXX_LIBRARY = "libc++";
				CLANG_ENABLE_MODULES = YES;
				CLANG_ENABLE_OBJC_ARC = YES;
				CLANG_ENABLE_OBJC_WEAK = YES;
				CLANG_WARN_BLOCK_CAPTURE_AUTORELEASING = YES;
				CLANG_WARN_BOOL_CONVERSION = YES;
				CLANG_WARN_COMMA = YES;
				CLANG_WARN_CONSTANT_CONVERSION = YES;
				CLANG_WARN_DEPRECATED_OBJC_IMPLEMENTATIONS = YES;
				CLANG_WARN_DIRECT_OBJC_ISA_USAGE = YES_ERROR;
				CLANG_WARN_DOCUMENTATION_COMMENTS = YES;
				CLANG_WARN_EMPTY_BODY = YES;
				CLANG_WARN_ENUM_CONVERSION = YES;
				CLANG_WARN_INFINITE_RECURSION = YES;
				CLANG_WARN_INT_CONVERSION = YES;
				CLANG_WARN_NON_LITERAL_NULL_CONVERSION = YES;
				CLANG_WARN_OBJC_IMPLICIT_RETAIN_SELF = YES;
				CLANG_WARN_OBJC_LITERAL_CONVERSION = YES;
				CLANG_WARN_OBJC_ROOT_CLASS = YES_ERROR;
				CLANG_WARN_RANGE_LOOP_ANALYSIS = YES;
				CLANG_WARN_STRICT_PROTOTYPES = YES;
				CLANG_WARN_SUSPICIOUS_MOVE = YES;
				CLANG_WARN_UNGUARDED_AVAILABILITY = YES_AGGRESSIVE;
				CLANG_WARN_UNREACHABLE_CODE = YES;
				CLANG_WARN__DUPLICATE_METHOD_MATCH = YES;
				COPY_PHASE_STRIP = NO;
				DEBUG_INFORMATION_FORMAT = "dwarf-with-dsym";
				ENABLE_NS_ASSERTIONS = NO;
				ENABLE_STRICT_OBJC_MSGSEND = YES;
				GCC_C_LANGUAGE_STANDARD = gnu11;
				GCC_NO_COMMON_BLOCKS = YES;
				GCC_WARN_64_TO_32_BIT_CONVERSION = YES;
				GCC_WARN_ABOUT_RETURN_TYPE = YES_ERROR;
				GCC_WARN_UNDECLARED_SELECTOR = YES;
				GCC_WARN_UNINITIALIZED_AUTOS = YES_AGGRESSIVE;
				GCC_WARN_UNUSED_FUNCTION = YES;
				GCC_WARN_UNUSED_VARIABLE = YES;
				IPHONEOS_DEPLOYMENT_TARGET = 13.2;
				MTL_ENABLE_DEBUG_INFO = NO;
				MTL_FAST_MATH = YES;
				SDKROOT = iphoneos;
				SWIFT_COMPILATION_MODE = wholemodule;
				SWIFT_OPTIMIZATION_LEVEL = "-O";
				VALIDATE_PRODUCT = YES;
			};
			name = Release;
		};
		E0FE7BA62419C69D0040ACA2 /* Debug */ = {
			isa = XCBuildConfiguration;
			buildSettings = {
				ASSETCATALOG_COMPILER_APPICON_NAME = AppIcon;
				CODE_SIGN_STYLE = Automatic;
				DEVELOPMENT_TEAM = 9MYA9HNSTZ;
				INFOPLIST_FILE = MusicAlbums/Info.plist;
				LD_RUNPATH_SEARCH_PATHS = (
					"$(inherited)",
					"@executable_path/Frameworks",
				);
				PRODUCT_BUNDLE_IDENTIFIER = sal.b.amer.MusicAlbums;
				PRODUCT_NAME = "$(TARGET_NAME)";
				SWIFT_VERSION = 5.0;
				TARGETED_DEVICE_FAMILY = "1,2";
			};
			name = Debug;
		};
		E0FE7BA72419C69D0040ACA2 /* Release */ = {
			isa = XCBuildConfiguration;
			buildSettings = {
				ASSETCATALOG_COMPILER_APPICON_NAME = AppIcon;
				CODE_SIGN_STYLE = Automatic;
				DEVELOPMENT_TEAM = 9MYA9HNSTZ;
				INFOPLIST_FILE = MusicAlbums/Info.plist;
				LD_RUNPATH_SEARCH_PATHS = (
					"$(inherited)",
					"@executable_path/Frameworks",
				);
				PRODUCT_BUNDLE_IDENTIFIER = sal.b.amer.MusicAlbums;
				PRODUCT_NAME = "$(TARGET_NAME)";
				SWIFT_VERSION = 5.0;
				TARGETED_DEVICE_FAMILY = "1,2";
			};
			name = Release;
		};
/* End XCBuildConfiguration section */

/* Begin XCConfigurationList section */
		E0FE7B8C2419C6990040ACA2 /* Build configuration list for PBXProject "MusicAlbums" */ = {
			isa = XCConfigurationList;
			buildConfigurations = (
				E0FE7BA32419C69D0040ACA2 /* Debug */,
				E0FE7BA42419C69D0040ACA2 /* Release */,
			);
			defaultConfigurationIsVisible = 0;
			defaultConfigurationName = Release;
		};
		E0FE7BA52419C69D0040ACA2 /* Build configuration list for PBXNativeTarget "MusicAlbums" */ = {
			isa = XCConfigurationList;
			buildConfigurations = (
				E0FE7BA62419C69D0040ACA2 /* Debug */,
				E0FE7BA72419C69D0040ACA2 /* Release */,
			);
			defaultConfigurationIsVisible = 0;
			defaultConfigurationName = Release;
		};
/* End XCConfigurationList section */
	};
	rootObject = E0FE7B892419C6990040ACA2 /* Project object */;
}
