// !$*UTF8*$!
{
	archiveVersion = 1;
	classes = {
	};
	objectVersion = 50;
	objects = {

/* Begin PBXBuildFile section */
		1B63202323F1FDCC00334DA5 /* AppDelegate.swift in Sources */ = {isa = PBXBuildFile; fileRef = 1B63202223F1FDCC00334DA5 /* AppDelegate.swift */; };
		1B63202523F1FDCC00334DA5 /* SceneDelegate.swift in Sources */ = {isa = PBXBuildFile; fileRef = 1B63202423F1FDCC00334DA5 /* SceneDelegate.swift */; };
		1B63202A23F1FDCC00334DA5 /* Main.storyboard in Resources */ = {isa = PBXBuildFile; fileRef = 1B63202823F1FDCC00334DA5 /* Main.storyboard */; };
		1B63202C23F1FDD500334DA5 /* Assets.xcassets in Resources */ = {isa = PBXBuildFile; fileRef = 1B63202B23F1FDD500334DA5 /* Assets.xcassets */; };
		1B63202F23F1FDD500334DA5 /* LaunchScreen.storyboard in Resources */ = {isa = PBXBuildFile; fileRef = 1B63202D23F1FDD500334DA5 /* LaunchScreen.storyboard */; };
		1B63203723F1FE7C00334DA5 /* AlbumsTableViewController.swift in Sources */ = {isa = PBXBuildFile; fileRef = 1B63203623F1FE7C00334DA5 /* AlbumsTableViewController.swift */; };
		1B63204023F200C300334DA5 /* AlbumDetailTableViewController.swift in Sources */ = {isa = PBXBuildFile; fileRef = 1B63203F23F200C300334DA5 /* AlbumDetailTableViewController.swift */; };
		1B63204223F206F600334DA5 /* SongTableViewCell.swift in Sources */ = {isa = PBXBuildFile; fileRef = 1B63204123F206F600334DA5 /* SongTableViewCell.swift */; };
		1B63204423F2098000334DA5 /* Album.swift in Sources */ = {isa = PBXBuildFile; fileRef = 1B63204323F2098000334DA5 /* Album.swift */; };
		1B63204623F20FB800334DA5 /* exampleAlbum.json in Resources */ = {isa = PBXBuildFile; fileRef = 1B63204523F20FB800334DA5 /* exampleAlbum.json */; };
		1B63204823F21A1600334DA5 /* AlbumController.swift in Sources */ = {isa = PBXBuildFile; fileRef = 1B63204723F21A1600334DA5 /* AlbumController.swift */; };
/* End PBXBuildFile section */

/* Begin PBXFileReference section */
		1B63201F23F1FDCC00334DA5 /* ios-albums-AP.app */ = {isa = PBXFileReference; explicitFileType = wrapper.application; includeInIndex = 0; path = "ios-albums-AP.app"; sourceTree = BUILT_PRODUCTS_DIR; };
		1B63202223F1FDCC00334DA5 /* AppDelegate.swift */ = {isa = PBXFileReference; lastKnownFileType = sourcecode.swift; path = AppDelegate.swift; sourceTree = "<group>"; };
		1B63202423F1FDCC00334DA5 /* SceneDelegate.swift */ = {isa = PBXFileReference; lastKnownFileType = sourcecode.swift; path = SceneDelegate.swift; sourceTree = "<group>"; };
		1B63202923F1FDCC00334DA5 /* Base */ = {isa = PBXFileReference; lastKnownFileType = file.storyboard; name = Base; path = Base.lproj/Main.storyboard; sourceTree = "<group>"; };
		1B63202B23F1FDD500334DA5 /* Assets.xcassets */ = {isa = PBXFileReference; lastKnownFileType = folder.assetcatalog; path = Assets.xcassets; sourceTree = "<group>"; };
		1B63202E23F1FDD500334DA5 /* Base */ = {isa = PBXFileReference; lastKnownFileType = file.storyboard; name = Base; path = Base.lproj/LaunchScreen.storyboard; sourceTree = "<group>"; };
		1B63203023F1FDD500334DA5 /* Info.plist */ = {isa = PBXFileReference; lastKnownFileType = text.plist.xml; name = Info.plist; path = "/Users/jorgealvarez/Documents/LambdaDev/Unit3/ios-albums/ios-albums-AP/ios-albums-AP/Resources/Info.plist"; sourceTree = "<absolute>"; };
		1B63203623F1FE7C00334DA5 /* AlbumsTableViewController.swift */ = {isa = PBXFileReference; lastKnownFileType = sourcecode.swift; path = AlbumsTableViewController.swift; sourceTree = "<group>"; };
		1B63203F23F200C300334DA5 /* AlbumDetailTableViewController.swift */ = {isa = PBXFileReference; lastKnownFileType = sourcecode.swift; path = AlbumDetailTableViewController.swift; sourceTree = "<group>"; };
		1B63204123F206F600334DA5 /* SongTableViewCell.swift */ = {isa = PBXFileReference; lastKnownFileType = sourcecode.swift; path = SongTableViewCell.swift; sourceTree = "<group>"; };
		1B63204323F2098000334DA5 /* Album.swift */ = {isa = PBXFileReference; lastKnownFileType = sourcecode.swift; path = Album.swift; sourceTree = "<group>"; };
		1B63204523F20FB800334DA5 /* exampleAlbum.json */ = {isa = PBXFileReference; fileEncoding = 4; lastKnownFileType = text.json; path = exampleAlbum.json; sourceTree = "<group>"; };
		1B63204723F21A1600334DA5 /* AlbumController.swift */ = {isa = PBXFileReference; lastKnownFileType = sourcecode.swift; path = AlbumController.swift; sourceTree = "<group>"; };
/* End PBXFileReference section */

/* Begin PBXFrameworksBuildPhase section */
		1B63201C23F1FDCC00334DA5 /* Frameworks */ = {
			isa = PBXFrameworksBuildPhase;
			buildActionMask = 2147483647;
			files = (
			);
			runOnlyForDeploymentPostprocessing = 0;
		};
/* End PBXFrameworksBuildPhase section */

/* Begin PBXGroup section */
		1B63201623F1FDCC00334DA5 = {
			isa = PBXGroup;
			children = (
				1B63202123F1FDCC00334DA5 /* ios-albums-AP */,
				1B63202023F1FDCC00334DA5 /* Products */,
			);
			sourceTree = "<group>";
		};
		1B63202023F1FDCC00334DA5 /* Products */ = {
			isa = PBXGroup;
			children = (
				1B63201F23F1FDCC00334DA5 /* ios-albums-AP.app */,
			);
			name = Products;
			sourceTree = "<group>";
		};
		1B63202123F1FDCC00334DA5 /* ios-albums-AP */ = {
			isa = PBXGroup;
			children = (
				1B63203D23F1FF3C00334DA5 /* Models */,
				1B63203E23F1FF6D00334DA5 /* Model Controllers */,
				1B63203A23F1FF0300334DA5 /* View Controllers */,
				1B63203C23F1FF3300334DA5 /* Views */,
				1B63203B23F1FF1B00334DA5 /* Resources */,
			);
			path = "ios-albums-AP";
			sourceTree = "<group>";
		};
		1B63203A23F1FF0300334DA5 /* View Controllers */ = {
			isa = PBXGroup;
			children = (
				1B63203623F1FE7C00334DA5 /* AlbumsTableViewController.swift */,
				1B63203F23F200C300334DA5 /* AlbumDetailTableViewController.swift */,
			);
			name = "View Controllers";
			sourceTree = "<group>";
		};
		1B63203B23F1FF1B00334DA5 /* Resources */ = {
			isa = PBXGroup;
			children = (
				1B63202B23F1FDD500334DA5 /* Assets.xcassets */,
				1B63202223F1FDCC00334DA5 /* AppDelegate.swift */,
				1B63202423F1FDCC00334DA5 /* SceneDelegate.swift */,
				1B63203023F1FDD500334DA5 /* Info.plist */,
				1B63204523F20FB800334DA5 /* exampleAlbum.json */,
			);
			path = Resources;
			sourceTree = "<group>";
		};
		1B63203C23F1FF3300334DA5 /* Views */ = {
			isa = PBXGroup;
			children = (
				1B63202823F1FDCC00334DA5 /* Main.storyboard */,
				1B63202D23F1FDD500334DA5 /* LaunchScreen.storyboard */,
				1B63204123F206F600334DA5 /* SongTableViewCell.swift */,
			);
			name = Views;
			sourceTree = "<group>";
		};
		1B63203D23F1FF3C00334DA5 /* Models */ = {
			isa = PBXGroup;
			children = (
				1B63204323F2098000334DA5 /* Album.swift */,
			);
			path = Models;
			sourceTree = "<group>";
		};
		1B63203E23F1FF6D00334DA5 /* Model Controllers */ = {
			isa = PBXGroup;
			children = (
				1B63204723F21A1600334DA5 /* AlbumController.swift */,
			);
			name = "Model Controllers";
			path = Models;
			sourceTree = "<group>";
		};
/* End PBXGroup section */

/* Begin PBXNativeTarget section */
		1B63201E23F1FDCC00334DA5 /* ios-albums-AP */ = {
			isa = PBXNativeTarget;
			buildConfigurationList = 1B63203323F1FDD500334DA5 /* Build configuration list for PBXNativeTarget "ios-albums-AP" */;
			buildPhases = (
				1B63201B23F1FDCC00334DA5 /* Sources */,
				1B63201C23F1FDCC00334DA5 /* Frameworks */,
				1B63201D23F1FDCC00334DA5 /* Resources */,
			);
			buildRules = (
			);
			dependencies = (
			);
			name = "ios-albums-AP";
			productName = "ios-albums-AP";
			productReference = 1B63201F23F1FDCC00334DA5 /* ios-albums-AP.app */;
			productType = "com.apple.product-type.application";
		};
/* End PBXNativeTarget section */

/* Begin PBXProject section */
		1B63201723F1FDCC00334DA5 /* Project object */ = {
			isa = PBXProject;
			attributes = {
				LastSwiftUpdateCheck = 1130;
				LastUpgradeCheck = 1130;
				ORGANIZATIONNAME = "Jorge Alvarez";
				TargetAttributes = {
					1B63201E23F1FDCC00334DA5 = {
						CreatedOnToolsVersion = 11.3.1;
					};
				};
			};
			buildConfigurationList = 1B63201A23F1FDCC00334DA5 /* Build configuration list for PBXProject "ios-albums-AP" */;
			compatibilityVersion = "Xcode 9.3";
			developmentRegion = en;
			hasScannedForEncodings = 0;
			knownRegions = (
				en,
				Base,
			);
			mainGroup = 1B63201623F1FDCC00334DA5;
			productRefGroup = 1B63202023F1FDCC00334DA5 /* Products */;
			projectDirPath = "";
			projectRoot = "";
			targets = (
				1B63201E23F1FDCC00334DA5 /* ios-albums-AP */,
			);
		};
/* End PBXProject section */

/* Begin PBXResourcesBuildPhase section */
		1B63201D23F1FDCC00334DA5 /* Resources */ = {
			isa = PBXResourcesBuildPhase;
			buildActionMask = 2147483647;
			files = (
				1B63202F23F1FDD500334DA5 /* LaunchScreen.storyboard in Resources */,
				1B63202C23F1FDD500334DA5 /* Assets.xcassets in Resources */,
				1B63204623F20FB800334DA5 /* exampleAlbum.json in Resources */,
				1B63202A23F1FDCC00334DA5 /* Main.storyboard in Resources */,
			);
			runOnlyForDeploymentPostprocessing = 0;
		};
/* End PBXResourcesBuildPhase section */

/* Begin PBXSourcesBuildPhase section */
		1B63201B23F1FDCC00334DA5 /* Sources */ = {
			isa = PBXSourcesBuildPhase;
			buildActionMask = 2147483647;
			files = (
				1B63203723F1FE7C00334DA5 /* AlbumsTableViewController.swift in Sources */,
				1B63202323F1FDCC00334DA5 /* AppDelegate.swift in Sources */,
				1B63204223F206F600334DA5 /* SongTableViewCell.swift in Sources */,
				1B63204023F200C300334DA5 /* AlbumDetailTableViewController.swift in Sources */,
				1B63204823F21A1600334DA5 /* AlbumController.swift in Sources */,
				1B63202523F1FDCC00334DA5 /* SceneDelegate.swift in Sources */,
				1B63204423F2098000334DA5 /* Album.swift in Sources */,
			);
			runOnlyForDeploymentPostprocessing = 0;
		};
/* End PBXSourcesBuildPhase section */

/* Begin PBXVariantGroup section */
		1B63202823F1FDCC00334DA5 /* Main.storyboard */ = {
			isa = PBXVariantGroup;
			children = (
				1B63202923F1FDCC00334DA5 /* Base */,
			);
			name = Main.storyboard;
			sourceTree = "<group>";
		};
		1B63202D23F1FDD500334DA5 /* LaunchScreen.storyboard */ = {
			isa = PBXVariantGroup;
			children = (
				1B63202E23F1FDD500334DA5 /* Base */,
			);
			name = LaunchScreen.storyboard;
			sourceTree = "<group>";
		};
/* End PBXVariantGroup section */

/* Begin XCBuildConfiguration section */
		1B63203123F1FDD500334DA5 /* Debug */ = {
			isa = XCBuildConfiguration;
			buildSettings = {
				ALWAYS_SEARCH_USER_PATHS = NO;
				CLANG_ANALYZER_NONNULL = YES;
				CLANG_ANALYZER_NUMBER_OBJECT_CONVERSION = YES_AGGRESSIVE;
				CLANG_CXX_LANGUAGE_STANDARD = "gnu++14";
				CLANG_CXX_LIBRARY = "libc++";
				CLANG_ENABLE_MODULES = YES;
				CLANG_ENABLE_OBJC_ARC = YES;
				CLANG_ENABLE_OBJC_WEAK = YES;
				CLANG_WARN_BLOCK_CAPTURE_AUTORELEASING = YES;
				CLANG_WARN_BOOL_CONVERSION = YES;
				CLANG_WARN_COMMA = YES;
				CLANG_WARN_CONSTANT_CONVERSION = YES;
				CLANG_WARN_DEPRECATED_OBJC_IMPLEMENTATIONS = YES;
				CLANG_WARN_DIRECT_OBJC_ISA_USAGE = YES_ERROR;
				CLANG_WARN_DOCUMENTATION_COMMENTS = YES;
				CLANG_WARN_EMPTY_BODY = YES;
				CLANG_WARN_ENUM_CONVERSION = YES;
				CLANG_WARN_INFINITE_RECURSION = YES;
				CLANG_WARN_INT_CONVERSION = YES;
				CLANG_WARN_NON_LITERAL_NULL_CONVERSION = YES;
				CLANG_WARN_OBJC_IMPLICIT_RETAIN_SELF = YES;
				CLANG_WARN_OBJC_LITERAL_CONVERSION = YES;
				CLANG_WARN_OBJC_ROOT_CLASS = YES_ERROR;
				CLANG_WARN_RANGE_LOOP_ANALYSIS = YES;
				CLANG_WARN_STRICT_PROTOTYPES = YES;
				CLANG_WARN_SUSPICIOUS_MOVE = YES;
				CLANG_WARN_UNGUARDED_AVAILABILITY = YES_AGGRESSIVE;
				CLANG_WARN_UNREACHABLE_CODE = YES;
				CLANG_WARN__DUPLICATE_METHOD_MATCH = YES;
				COPY_PHASE_STRIP = NO;
				DEBUG_INFORMATION_FORMAT = dwarf;
				ENABLE_STRICT_OBJC_MSGSEND = YES;
				ENABLE_TESTABILITY = YES;
				GCC_C_LANGUAGE_STANDARD = gnu11;
				GCC_DYNAMIC_NO_PIC = NO;
				GCC_NO_COMMON_BLOCKS = YES;
				GCC_OPTIMIZATION_LEVEL = 0;
				GCC_PREPROCESSOR_DEFINITIONS = (
					"DEBUG=1",
					"$(inherited)",
				);
				GCC_WARN_64_TO_32_BIT_CONVERSION = YES;
				GCC_WARN_ABOUT_RETURN_TYPE = YES_ERROR;
				GCC_WARN_UNDECLARED_SELECTOR = YES;
				GCC_WARN_UNINITIALIZED_AUTOS = YES_AGGRESSIVE;
				GCC_WARN_UNUSED_FUNCTION = YES;
				GCC_WARN_UNUSED_VARIABLE = YES;
				IPHONEOS_DEPLOYMENT_TARGET = 13.2;
				MTL_ENABLE_DEBUG_INFO = INCLUDE_SOURCE;
				MTL_FAST_MATH = YES;
				ONLY_ACTIVE_ARCH = YES;
				SDKROOT = iphoneos;
				SWIFT_ACTIVE_COMPILATION_CONDITIONS = DEBUG;
				SWIFT_OPTIMIZATION_LEVEL = "-Onone";
			};
			name = Debug;
		};
		1B63203223F1FDD500334DA5 /* Release */ = {
			isa = XCBuildConfiguration;
			buildSettings = {
				ALWAYS_SEARCH_USER_PATHS = NO;
				CLANG_ANALYZER_NONNULL = YES;
				CLANG_ANALYZER_NUMBER_OBJECT_CONVERSION = YES_AGGRESSIVE;
				CLANG_CXX_LANGUAGE_STANDARD = "gnu++14";
				CLANG_CXX_LIBRARY = "libc++";
				CLANG_ENABLE_MODULES = YES;
				CLANG_ENABLE_OBJC_ARC = YES;
				CLANG_ENABLE_OBJC_WEAK = YES;
				CLANG_WARN_BLOCK_CAPTURE_AUTORELEASING = YES;
				CLANG_WARN_BOOL_CONVERSION = YES;
				CLANG_WARN_COMMA = YES;
				CLANG_WARN_CONSTANT_CONVERSION = YES;
				CLANG_WARN_DEPRECATED_OBJC_IMPLEMENTATIONS = YES;
				CLANG_WARN_DIRECT_OBJC_ISA_USAGE = YES_ERROR;
				CLANG_WARN_DOCUMENTATION_COMMENTS = YES;
				CLANG_WARN_EMPTY_BODY = YES;
				CLANG_WARN_ENUM_CONVERSION = YES;
				CLANG_WARN_INFINITE_RECURSION = YES;
				CLANG_WARN_INT_CONVERSION = YES;
				CLANG_WARN_NON_LITERAL_NULL_CONVERSION = YES;
				CLANG_WARN_OBJC_IMPLICIT_RETAIN_SELF = YES;
				CLANG_WARN_OBJC_LITERAL_CONVERSION = YES;
				CLANG_WARN_OBJC_ROOT_CLASS = YES_ERROR;
				CLANG_WARN_RANGE_LOOP_ANALYSIS = YES;
				CLANG_WARN_STRICT_PROTOTYPES = YES;
				CLANG_WARN_SUSPICIOUS_MOVE = YES;
				CLANG_WARN_UNGUARDED_AVAILABILITY = YES_AGGRESSIVE;
				CLANG_WARN_UNREACHABLE_CODE = YES;
				CLANG_WARN__DUPLICATE_METHOD_MATCH = YES;
				COPY_PHASE_STRIP = NO;
				DEBUG_INFORMATION_FORMAT = "dwarf-with-dsym";
				ENABLE_NS_ASSERTIONS = NO;
				ENABLE_STRICT_OBJC_MSGSEND = YES;
				GCC_C_LANGUAGE_STANDARD = gnu11;
				GCC_NO_COMMON_BLOCKS = YES;
				GCC_WARN_64_TO_32_BIT_CONVERSION = YES;
				GCC_WARN_ABOUT_RETURN_TYPE = YES_ERROR;
				GCC_WARN_UNDECLARED_SELECTOR = YES;
				GCC_WARN_UNINITIALIZED_AUTOS = YES_AGGRESSIVE;
				GCC_WARN_UNUSED_FUNCTION = YES;
				GCC_WARN_UNUSED_VARIABLE = YES;
				IPHONEOS_DEPLOYMENT_TARGET = 13.2;
				MTL_ENABLE_DEBUG_INFO = NO;
				MTL_FAST_MATH = YES;
				SDKROOT = iphoneos;
				SWIFT_COMPILATION_MODE = wholemodule;
				SWIFT_OPTIMIZATION_LEVEL = "-O";
				VALIDATE_PRODUCT = YES;
			};
			name = Release;
		};
		1B63203423F1FDD500334DA5 /* Debug */ = {
			isa = XCBuildConfiguration;
			buildSettings = {
				ASSETCATALOG_COMPILER_APPICON_NAME = AppIcon;
				CODE_SIGN_STYLE = Automatic;
				DEVELOPMENT_TEAM = XFZ73X2DJQ;
				INFOPLIST_FILE = "/Users/jorgealvarez/Documents/LambdaDev/Unit3/ios-albums/ios-albums-AP/ios-albums-AP/Resources/Info.plist";
				LD_RUNPATH_SEARCH_PATHS = (
					"$(inherited)",
					"@executable_path/Frameworks",
				);
				PRODUCT_BUNDLE_IDENTIFIER = "com.jorgealvarez.ios-albums-AP";
				PRODUCT_NAME = "$(TARGET_NAME)";
				SWIFT_VERSION = 5.0;
				TARGETED_DEVICE_FAMILY = "1,2";
			};
			name = Debug;
		};
		1B63203523F1FDD500334DA5 /* Release */ = {
			isa = XCBuildConfiguration;
			buildSettings = {
				ASSETCATALOG_COMPILER_APPICON_NAME = AppIcon;
				CODE_SIGN_STYLE = Automatic;
				DEVELOPMENT_TEAM = XFZ73X2DJQ;
				INFOPLIST_FILE = "/Users/jorgealvarez/Documents/LambdaDev/Unit3/ios-albums/ios-albums-AP/ios-albums-AP/Resources/Info.plist";
				LD_RUNPATH_SEARCH_PATHS = (
					"$(inherited)",
					"@executable_path/Frameworks",
				);
				PRODUCT_BUNDLE_IDENTIFIER = "com.jorgealvarez.ios-albums-AP";
				PRODUCT_NAME = "$(TARGET_NAME)";
				SWIFT_VERSION = 5.0;
				TARGETED_DEVICE_FAMILY = "1,2";
			};
			name = Release;
		};
/* End XCBuildConfiguration section */

/* Begin XCConfigurationList section */
		1B63201A23F1FDCC00334DA5 /* Build configuration list for PBXProject "ios-albums-AP" */ = {
			isa = XCConfigurationList;
			buildConfigurations = (
				1B63203123F1FDD500334DA5 /* Debug */,
				1B63203223F1FDD500334DA5 /* Release */,
			);
			defaultConfigurationIsVisible = 0;
			defaultConfigurationName = Release;
		};
		1B63203323F1FDD500334DA5 /* Build configuration list for PBXNativeTarget "ios-albums-AP" */ = {
			isa = XCConfigurationList;
			buildConfigurations = (
				1B63203423F1FDD500334DA5 /* Debug */,
				1B63203523F1FDD500334DA5 /* Release */,
			);
			defaultConfigurationIsVisible = 0;
			defaultConfigurationName = Release;
		};
/* End XCConfigurationList section */
	};
	rootObject = 1B63201723F1FDCC00334DA5 /* Project object */;
}
