// !$*UTF8*$!
{
	archiveVersion = 1;
	classes = {
	};
	objectVersion = 50;
	objects = {

/* Begin PBXBuildFile section */
		1C9C0A512396A86E0012D6AC /* AppDelegate.swift in Sources */ = {isa = PBXBuildFile; fileRef = 1C9C0A502396A86E0012D6AC /* AppDelegate.swift */; };
		1C9C0A532396A86E0012D6AC /* SceneDelegate.swift in Sources */ = {isa = PBXBuildFile; fileRef = 1C9C0A522396A86E0012D6AC /* SceneDelegate.swift */; };
		1C9C0A582396A86E0012D6AC /* Main.storyboard in Resources */ = {isa = PBXBuildFile; fileRef = 1C9C0A562396A86E0012D6AC /* Main.storyboard */; };
		1C9C0A5A2396A8700012D6AC /* Assets.xcassets in Resources */ = {isa = PBXBuildFile; fileRef = 1C9C0A592396A8700012D6AC /* Assets.xcassets */; };
		1C9C0A5D2396A8700012D6AC /* LaunchScreen.storyboard in Resources */ = {isa = PBXBuildFile; fileRef = 1C9C0A5B2396A8700012D6AC /* LaunchScreen.storyboard */; };
		1CEF4E9723CFBD6F0090807C /* AlbumDetailTableViewController.swift in Sources */ = {isa = PBXBuildFile; fileRef = 1CEF4E9623CFBD6F0090807C /* AlbumDetailTableViewController.swift */; };
		1CEF4E9923CFC9970090807C /* SongTableViewCell.swift in Sources */ = {isa = PBXBuildFile; fileRef = 1CEF4E9823CFC9970090807C /* SongTableViewCell.swift */; };
		1CEF4E9C23CFD9C40090807C /* Album.swift in Sources */ = {isa = PBXBuildFile; fileRef = 1CEF4E9B23CFD9C40090807C /* Album.swift */; };
		1CF36B9823CD39EF0032F546 /* AlbumsTableViewController.swift in Sources */ = {isa = PBXBuildFile; fileRef = 1CF36B9723CD39EF0032F546 /* AlbumsTableViewController.swift */; };
/* End PBXBuildFile section */

/* Begin PBXFileReference section */
		1C9C0A4D2396A86E0012D6AC /* Albums.app */ = {isa = PBXFileReference; explicitFileType = wrapper.application; includeInIndex = 0; path = Albums.app; sourceTree = BUILT_PRODUCTS_DIR; };
		1C9C0A502396A86E0012D6AC /* AppDelegate.swift */ = {isa = PBXFileReference; lastKnownFileType = sourcecode.swift; path = AppDelegate.swift; sourceTree = "<group>"; };
		1C9C0A522396A86E0012D6AC /* SceneDelegate.swift */ = {isa = PBXFileReference; lastKnownFileType = sourcecode.swift; path = SceneDelegate.swift; sourceTree = "<group>"; };
		1C9C0A572396A86E0012D6AC /* Base */ = {isa = PBXFileReference; lastKnownFileType = file.storyboard; name = Base; path = Base.lproj/Main.storyboard; sourceTree = "<group>"; };
		1C9C0A592396A8700012D6AC /* Assets.xcassets */ = {isa = PBXFileReference; lastKnownFileType = folder.assetcatalog; path = Assets.xcassets; sourceTree = "<group>"; };
		1C9C0A5C2396A8700012D6AC /* Base */ = {isa = PBXFileReference; lastKnownFileType = file.storyboard; name = Base; path = Base.lproj/LaunchScreen.storyboard; sourceTree = "<group>"; };
		1C9C0A5E2396A8700012D6AC /* Info.plist */ = {isa = PBXFileReference; lastKnownFileType = text.plist.xml; path = Info.plist; sourceTree = "<group>"; };
		1CEF4E9623CFBD6F0090807C /* AlbumDetailTableViewController.swift */ = {isa = PBXFileReference; lastKnownFileType = sourcecode.swift; path = AlbumDetailTableViewController.swift; sourceTree = "<group>"; };
		1CEF4E9823CFC9970090807C /* SongTableViewCell.swift */ = {isa = PBXFileReference; lastKnownFileType = sourcecode.swift; path = SongTableViewCell.swift; sourceTree = "<group>"; };
		1CEF4E9B23CFD9C40090807C /* Album.swift */ = {isa = PBXFileReference; lastKnownFileType = sourcecode.swift; path = Album.swift; sourceTree = "<group>"; };
		1CF36B9723CD39EF0032F546 /* AlbumsTableViewController.swift */ = {isa = PBXFileReference; lastKnownFileType = sourcecode.swift; path = AlbumsTableViewController.swift; sourceTree = "<group>"; };
/* End PBXFileReference section */

/* Begin PBXFrameworksBuildPhase section */
		1C9C0A4A2396A86D0012D6AC /* Frameworks */ = {
			isa = PBXFrameworksBuildPhase;
			buildActionMask = 2147483647;
			files = (
			);
			runOnlyForDeploymentPostprocessing = 0;
		};
/* End PBXFrameworksBuildPhase section */

/* Begin PBXGroup section */
		1C9C0A442396A86D0012D6AC = {
			isa = PBXGroup;
			children = (
				1C9C0A4F2396A86E0012D6AC /* Albums */,
				1C9C0A4E2396A86E0012D6AC /* Products */,
			);
			sourceTree = "<group>";
		};
		1C9C0A4E2396A86E0012D6AC /* Products */ = {
			isa = PBXGroup;
			children = (
				1C9C0A4D2396A86E0012D6AC /* Albums.app */,
			);
			name = Products;
			sourceTree = "<group>";
		};
		1C9C0A4F2396A86E0012D6AC /* Albums */ = {
			isa = PBXGroup;
			children = (
				1C9C0A502396A86E0012D6AC /* AppDelegate.swift */,
				1C9C0A522396A86E0012D6AC /* SceneDelegate.swift */,
				1C9C0A562396A86E0012D6AC /* Main.storyboard */,
				1CEF4E9A23CFC9AD0090807C /* ViewControllers */,
				1C9C0A592396A8700012D6AC /* Assets.xcassets */,
				1C9C0A5B2396A8700012D6AC /* LaunchScreen.storyboard */,
				1C9C0A5E2396A8700012D6AC /* Info.plist */,
				1CEF4E9B23CFD9C40090807C /* Album.swift */,
			);
			path = Albums;
			sourceTree = "<group>";
		};
		1CEF4E9A23CFC9AD0090807C /* ViewControllers */ = {
			isa = PBXGroup;
			children = (
				1CF36B9723CD39EF0032F546 /* AlbumsTableViewController.swift */,
				1CEF4E9623CFBD6F0090807C /* AlbumDetailTableViewController.swift */,
				1CEF4E9823CFC9970090807C /* SongTableViewCell.swift */,
			);
			path = ViewControllers;
			sourceTree = "<group>";
		};
/* End PBXGroup section */

/* Begin PBXNativeTarget section */
		1C9C0A4C2396A86D0012D6AC /* Albums */ = {
			isa = PBXNativeTarget;
			buildConfigurationList = 1C9C0A612396A8700012D6AC /* Build configuration list for PBXNativeTarget "Albums" */;
			buildPhases = (
				1C9C0A492396A86D0012D6AC /* Sources */,
				1C9C0A4A2396A86D0012D6AC /* Frameworks */,
				1C9C0A4B2396A86D0012D6AC /* Resources */,
			);
			buildRules = (
			);
			dependencies = (
			);
			name = Albums;
			productName = Albums;
			productReference = 1C9C0A4D2396A86E0012D6AC /* Albums.app */;
			productType = "com.apple.product-type.application";
		};
/* End PBXNativeTarget section */

/* Begin PBXProject section */
		1C9C0A452396A86D0012D6AC /* Project object */ = {
			isa = PBXProject;
			attributes = {
				LastSwiftUpdateCheck = 1120;
				LastUpgradeCheck = 1120;
				ORGANIZATIONNAME = Devshop7;
				TargetAttributes = {
					1C9C0A4C2396A86D0012D6AC = {
						CreatedOnToolsVersion = 11.2.1;
					};
				};
			};
			buildConfigurationList = 1C9C0A482396A86D0012D6AC /* Build configuration list for PBXProject "Albums" */;
			compatibilityVersion = "Xcode 9.3";
			developmentRegion = en;
			hasScannedForEncodings = 0;
			knownRegions = (
				en,
				Base,
			);
			mainGroup = 1C9C0A442396A86D0012D6AC;
			productRefGroup = 1C9C0A4E2396A86E0012D6AC /* Products */;
			projectDirPath = "";
			projectRoot = "";
			targets = (
				1C9C0A4C2396A86D0012D6AC /* Albums */,
			);
		};
/* End PBXProject section */

/* Begin PBXResourcesBuildPhase section */
		1C9C0A4B2396A86D0012D6AC /* Resources */ = {
			isa = PBXResourcesBuildPhase;
			buildActionMask = 2147483647;
			files = (
				1C9C0A5D2396A8700012D6AC /* LaunchScreen.storyboard in Resources */,
				1C9C0A5A2396A8700012D6AC /* Assets.xcassets in Resources */,
				1C9C0A582396A86E0012D6AC /* Main.storyboard in Resources */,
			);
			runOnlyForDeploymentPostprocessing = 0;
		};
/* End PBXResourcesBuildPhase section */

/* Begin PBXSourcesBuildPhase section */
		1C9C0A492396A86D0012D6AC /* Sources */ = {
			isa = PBXSourcesBuildPhase;
			buildActionMask = 2147483647;
			files = (
				1CF36B9823CD39EF0032F546 /* AlbumsTableViewController.swift in Sources */,
				1C9C0A512396A86E0012D6AC /* AppDelegate.swift in Sources */,
				1CEF4E9923CFC9970090807C /* SongTableViewCell.swift in Sources */,
				1CEF4E9723CFBD6F0090807C /* AlbumDetailTableViewController.swift in Sources */,
				1C9C0A532396A86E0012D6AC /* SceneDelegate.swift in Sources */,
				1CEF4E9C23CFD9C40090807C /* Album.swift in Sources */,
			);
			runOnlyForDeploymentPostprocessing = 0;
		};
/* End PBXSourcesBuildPhase section */

/* Begin PBXVariantGroup section */
		1C9C0A562396A86E0012D6AC /* Main.storyboard */ = {
			isa = PBXVariantGroup;
			children = (
				1C9C0A572396A86E0012D6AC /* Base */,
			);
			name = Main.storyboard;
			sourceTree = "<group>";
		};
		1C9C0A5B2396A8700012D6AC /* LaunchScreen.storyboard */ = {
			isa = PBXVariantGroup;
			children = (
				1C9C0A5C2396A8700012D6AC /* Base */,
			);
			name = LaunchScreen.storyboard;
			sourceTree = "<group>";
		};
/* End PBXVariantGroup section */

/* Begin XCBuildConfiguration section */
		1C9C0A5F2396A8700012D6AC /* Debug */ = {
			isa = XCBuildConfiguration;
			buildSettings = {
				ALWAYS_SEARCH_USER_PATHS = NO;
				CLANG_ANALYZER_NONNULL = YES;
				CLANG_ANALYZER_NUMBER_OBJECT_CONVERSION = YES_AGGRESSIVE;
				CLANG_CXX_LANGUAGE_STANDARD = "gnu++14";
				CLANG_CXX_LIBRARY = "libc++";
				CLANG_ENABLE_MODULES = YES;
				CLANG_ENABLE_OBJC_ARC = YES;
				CLANG_ENABLE_OBJC_WEAK = YES;
				CLANG_WARN_BLOCK_CAPTURE_AUTORELEASING = YES;
				CLANG_WARN_BOOL_CONVERSION = YES;
				CLANG_WARN_COMMA = YES;
				CLANG_WARN_CONSTANT_CONVERSION = YES;
				CLANG_WARN_DEPRECATED_OBJC_IMPLEMENTATIONS = YES;
				CLANG_WARN_DIRECT_OBJC_ISA_USAGE = YES_ERROR;
				CLANG_WARN_DOCUMENTATION_COMMENTS = YES;
				CLANG_WARN_EMPTY_BODY = YES;
				CLANG_WARN_ENUM_CONVERSION = YES;
				CLANG_WARN_INFINITE_RECURSION = YES;
				CLANG_WARN_INT_CONVERSION = YES;
				CLANG_WARN_NON_LITERAL_NULL_CONVERSION = YES;
				CLANG_WARN_OBJC_IMPLICIT_RETAIN_SELF = YES;
				CLANG_WARN_OBJC_LITERAL_CONVERSION = YES;
				CLANG_WARN_OBJC_ROOT_CLASS = YES_ERROR;
				CLANG_WARN_RANGE_LOOP_ANALYSIS = YES;
				CLANG_WARN_STRICT_PROTOTYPES = YES;
				CLANG_WARN_SUSPICIOUS_MOVE = YES;
				CLANG_WARN_UNGUARDED_AVAILABILITY = YES_AGGRESSIVE;
				CLANG_WARN_UNREACHABLE_CODE = YES;
				CLANG_WARN__DUPLICATE_METHOD_MATCH = YES;
				COPY_PHASE_STRIP = NO;
				DEBUG_INFORMATION_FORMAT = dwarf;
				ENABLE_STRICT_OBJC_MSGSEND = YES;
				ENABLE_TESTABILITY = YES;
				GCC_C_LANGUAGE_STANDARD = gnu11;
				GCC_DYNAMIC_NO_PIC = NO;
				GCC_NO_COMMON_BLOCKS = YES;
				GCC_OPTIMIZATION_LEVEL = 0;
				GCC_PREPROCESSOR_DEFINITIONS = (
					"DEBUG=1",
					"$(inherited)",
				);
				GCC_WARN_64_TO_32_BIT_CONVERSION = YES;
				GCC_WARN_ABOUT_RETURN_TYPE = YES_ERROR;
				GCC_WARN_UNDECLARED_SELECTOR = YES;
				GCC_WARN_UNINITIALIZED_AUTOS = YES_AGGRESSIVE;
				GCC_WARN_UNUSED_FUNCTION = YES;
				GCC_WARN_UNUSED_VARIABLE = YES;
				IPHONEOS_DEPLOYMENT_TARGET = 13.2;
				MTL_ENABLE_DEBUG_INFO = INCLUDE_SOURCE;
				MTL_FAST_MATH = YES;
				ONLY_ACTIVE_ARCH = YES;
				SDKROOT = iphoneos;
				SWIFT_ACTIVE_COMPILATION_CONDITIONS = DEBUG;
				SWIFT_OPTIMIZATION_LEVEL = "-Onone";
			};
			name = Debug;
		};
		1C9C0A602396A8700012D6AC /* Release */ = {
			isa = XCBuildConfiguration;
			buildSettings = {
				ALWAYS_SEARCH_USER_PATHS = NO;
				CLANG_ANALYZER_NONNULL = YES;
				CLANG_ANALYZER_NUMBER_OBJECT_CONVERSION = YES_AGGRESSIVE;
				CLANG_CXX_LANGUAGE_STANDARD = "gnu++14";
				CLANG_CXX_LIBRARY = "libc++";
				CLANG_ENABLE_MODULES = YES;
				CLANG_ENABLE_OBJC_ARC = YES;
				CLANG_ENABLE_OBJC_WEAK = YES;
				CLANG_WARN_BLOCK_CAPTURE_AUTORELEASING = YES;
				CLANG_WARN_BOOL_CONVERSION = YES;
				CLANG_WARN_COMMA = YES;
				CLANG_WARN_CONSTANT_CONVERSION = YES;
				CLANG_WARN_DEPRECATED_OBJC_IMPLEMENTATIONS = YES;
				CLANG_WARN_DIRECT_OBJC_ISA_USAGE = YES_ERROR;
				CLANG_WARN_DOCUMENTATION_COMMENTS = YES;
				CLANG_WARN_EMPTY_BODY = YES;
				CLANG_WARN_ENUM_CONVERSION = YES;
				CLANG_WARN_INFINITE_RECURSION = YES;
				CLANG_WARN_INT_CONVERSION = YES;
				CLANG_WARN_NON_LITERAL_NULL_CONVERSION = YES;
				CLANG_WARN_OBJC_IMPLICIT_RETAIN_SELF = YES;
				CLANG_WARN_OBJC_LITERAL_CONVERSION = YES;
				CLANG_WARN_OBJC_ROOT_CLASS = YES_ERROR;
				CLANG_WARN_RANGE_LOOP_ANALYSIS = YES;
				CLANG_WARN_STRICT_PROTOTYPES = YES;
				CLANG_WARN_SUSPICIOUS_MOVE = YES;
				CLANG_WARN_UNGUARDED_AVAILABILITY = YES_AGGRESSIVE;
				CLANG_WARN_UNREACHABLE_CODE = YES;
				CLANG_WARN__DUPLICATE_METHOD_MATCH = YES;
				COPY_PHASE_STRIP = NO;
				DEBUG_INFORMATION_FORMAT = "dwarf-with-dsym";
				ENABLE_NS_ASSERTIONS = NO;
				ENABLE_STRICT_OBJC_MSGSEND = YES;
				GCC_C_LANGUAGE_STANDARD = gnu11;
				GCC_NO_COMMON_BLOCKS = YES;
				GCC_WARN_64_TO_32_BIT_CONVERSION = YES;
				GCC_WARN_ABOUT_RETURN_TYPE = YES_ERROR;
				GCC_WARN_UNDECLARED_SELECTOR = YES;
				GCC_WARN_UNINITIALIZED_AUTOS = YES_AGGRESSIVE;
				GCC_WARN_UNUSED_FUNCTION = YES;
				GCC_WARN_UNUSED_VARIABLE = YES;
				IPHONEOS_DEPLOYMENT_TARGET = 13.2;
				MTL_ENABLE_DEBUG_INFO = NO;
				MTL_FAST_MATH = YES;
				SDKROOT = iphoneos;
				SWIFT_COMPILATION_MODE = wholemodule;
				SWIFT_OPTIMIZATION_LEVEL = "-O";
				VALIDATE_PRODUCT = YES;
			};
			name = Release;
		};
		1C9C0A622396A8700012D6AC /* Debug */ = {
			isa = XCBuildConfiguration;
			buildSettings = {
				ASSETCATALOG_COMPILER_APPICON_NAME = AppIcon;
				CODE_SIGN_STYLE = Automatic;
				DEVELOPMENT_TEAM = 56A3CKG4X2;
				INFOPLIST_FILE = Albums/Info.plist;
				LD_RUNPATH_SEARCH_PATHS = (
					"$(inherited)",
					"@executable_path/Frameworks",
				);
				PRODUCT_BUNDLE_IDENTIFIER = com.Devshop7.Albums;
				PRODUCT_NAME = "$(TARGET_NAME)";
				SWIFT_VERSION = 5.0;
				TARGETED_DEVICE_FAMILY = "1,2";
			};
			name = Debug;
		};
		1C9C0A632396A8700012D6AC /* Release */ = {
			isa = XCBuildConfiguration;
			buildSettings = {
				ASSETCATALOG_COMPILER_APPICON_NAME = AppIcon;
				CODE_SIGN_STYLE = Automatic;
				DEVELOPMENT_TEAM = 56A3CKG4X2;
				INFOPLIST_FILE = Albums/Info.plist;
				LD_RUNPATH_SEARCH_PATHS = (
					"$(inherited)",
					"@executable_path/Frameworks",
				);
				PRODUCT_BUNDLE_IDENTIFIER = com.Devshop7.Albums;
				PRODUCT_NAME = "$(TARGET_NAME)";
				SWIFT_VERSION = 5.0;
				TARGETED_DEVICE_FAMILY = "1,2";
			};
			name = Release;
		};
/* End XCBuildConfiguration section */

/* Begin XCConfigurationList section */
		1C9C0A482396A86D0012D6AC /* Build configuration list for PBXProject "Albums" */ = {
			isa = XCConfigurationList;
			buildConfigurations = (
				1C9C0A5F2396A8700012D6AC /* Debug */,
				1C9C0A602396A8700012D6AC /* Release */,
			);
			defaultConfigurationIsVisible = 0;
			defaultConfigurationName = Release;
		};
		1C9C0A612396A8700012D6AC /* Build configuration list for PBXNativeTarget "Albums" */ = {
			isa = XCConfigurationList;
			buildConfigurations = (
				1C9C0A622396A8700012D6AC /* Debug */,
				1C9C0A632396A8700012D6AC /* Release */,
			);
			defaultConfigurationIsVisible = 0;
			defaultConfigurationName = Release;
		};
/* End XCConfigurationList section */
	};
	rootObject = 1C9C0A452396A86D0012D6AC /* Project object */;
}
