// !$*UTF8*$!
{
	archiveVersion = 1;
	classes = {
	};
	objectVersion = 50;
	objects = {

/* Begin PBXBuildFile section */
		D1DC452B21F616030089A0A8 /* AppDelegate.swift in Sources */ = {isa = PBXBuildFile; fileRef = D1DC452A21F616030089A0A8 /* AppDelegate.swift */; };
		D1DC453021F616030089A0A8 /* Main.storyboard in Resources */ = {isa = PBXBuildFile; fileRef = D1DC452E21F616030089A0A8 /* Main.storyboard */; };
		D1DC453221F616060089A0A8 /* Assets.xcassets in Resources */ = {isa = PBXBuildFile; fileRef = D1DC453121F616060089A0A8 /* Assets.xcassets */; };
		D1DC453521F616060089A0A8 /* LaunchScreen.storyboard in Resources */ = {isa = PBXBuildFile; fileRef = D1DC453321F616060089A0A8 /* LaunchScreen.storyboard */; };
		D1DC453D21F618400089A0A8 /* Appearance.swift in Sources */ = {isa = PBXBuildFile; fileRef = D1DC453C21F618400089A0A8 /* Appearance.swift */; };
		D1DC454621F619310089A0A8 /* AlbumsTableViewController.swift in Sources */ = {isa = PBXBuildFile; fileRef = D1DC454521F619310089A0A8 /* AlbumsTableViewController.swift */; };
		D1DC454821F619430089A0A8 /* AlbumsDetailTableViewController.swift in Sources */ = {isa = PBXBuildFile; fileRef = D1DC454721F619430089A0A8 /* AlbumsDetailTableViewController.swift */; };
		D1DC454A21F619560089A0A8 /* AlbumsTableViewCell.swift in Sources */ = {isa = PBXBuildFile; fileRef = D1DC454921F619560089A0A8 /* AlbumsTableViewCell.swift */; };
		D1DC454C21F619620089A0A8 /* AlbumsDetailTableViewCell.swift in Sources */ = {isa = PBXBuildFile; fileRef = D1DC454B21F619620089A0A8 /* AlbumsDetailTableViewCell.swift */; };
		D1DC454E21F624070089A0A8 /* Album.swift in Sources */ = {isa = PBXBuildFile; fileRef = D1DC454D21F624070089A0A8 /* Album.swift */; };
		D1DC455021F624C90089A0A8 /* exampleAlbum.json in Resources */ = {isa = PBXBuildFile; fileRef = D1DC454F21F624C80089A0A8 /* exampleAlbum.json */; };
		D1DC455321F629B00089A0A8 /* AlbumController.swift in Sources */ = {isa = PBXBuildFile; fileRef = D1DC455221F629B00089A0A8 /* AlbumController.swift */; };
/* End PBXBuildFile section */

/* Begin PBXFileReference section */
		D1DC452721F616030089A0A8 /* albums.app */ = {isa = PBXFileReference; explicitFileType = wrapper.application; includeInIndex = 0; path = albums.app; sourceTree = BUILT_PRODUCTS_DIR; };
		D1DC452A21F616030089A0A8 /* AppDelegate.swift */ = {isa = PBXFileReference; lastKnownFileType = sourcecode.swift; path = AppDelegate.swift; sourceTree = "<group>"; };
		D1DC452F21F616030089A0A8 /* Base */ = {isa = PBXFileReference; lastKnownFileType = file.storyboard; name = Base; path = Base.lproj/Main.storyboard; sourceTree = "<group>"; };
		D1DC453121F616060089A0A8 /* Assets.xcassets */ = {isa = PBXFileReference; lastKnownFileType = folder.assetcatalog; path = Assets.xcassets; sourceTree = "<group>"; };
		D1DC453421F616060089A0A8 /* Base */ = {isa = PBXFileReference; lastKnownFileType = file.storyboard; name = Base; path = Base.lproj/LaunchScreen.storyboard; sourceTree = "<group>"; };
		D1DC453621F616060089A0A8 /* Info.plist */ = {isa = PBXFileReference; lastKnownFileType = text.plist.xml; path = Info.plist; sourceTree = "<group>"; };
		D1DC453C21F618400089A0A8 /* Appearance.swift */ = {isa = PBXFileReference; lastKnownFileType = sourcecode.swift; path = Appearance.swift; sourceTree = "<group>"; };
		D1DC454521F619310089A0A8 /* AlbumsTableViewController.swift */ = {isa = PBXFileReference; lastKnownFileType = sourcecode.swift; path = AlbumsTableViewController.swift; sourceTree = "<group>"; };
		D1DC454721F619430089A0A8 /* AlbumsDetailTableViewController.swift */ = {isa = PBXFileReference; lastKnownFileType = sourcecode.swift; path = AlbumsDetailTableViewController.swift; sourceTree = "<group>"; };
		D1DC454921F619560089A0A8 /* AlbumsTableViewCell.swift */ = {isa = PBXFileReference; lastKnownFileType = sourcecode.swift; path = AlbumsTableViewCell.swift; sourceTree = "<group>"; };
		D1DC454B21F619620089A0A8 /* AlbumsDetailTableViewCell.swift */ = {isa = PBXFileReference; lastKnownFileType = sourcecode.swift; path = AlbumsDetailTableViewCell.swift; sourceTree = "<group>"; };
		D1DC454D21F624070089A0A8 /* Album.swift */ = {isa = PBXFileReference; lastKnownFileType = sourcecode.swift; path = Album.swift; sourceTree = "<group>"; };
		D1DC454F21F624C80089A0A8 /* exampleAlbum.json */ = {isa = PBXFileReference; fileEncoding = 4; lastKnownFileType = text.json; name = exampleAlbum.json; path = ../../../exampleAlbum.json; sourceTree = "<group>"; };
		D1DC455221F629B00089A0A8 /* AlbumController.swift */ = {isa = PBXFileReference; lastKnownFileType = sourcecode.swift; path = AlbumController.swift; sourceTree = "<group>"; };
/* End PBXFileReference section */

/* Begin PBXFrameworksBuildPhase section */
		D1DC452421F616030089A0A8 /* Frameworks */ = {
			isa = PBXFrameworksBuildPhase;
			buildActionMask = 2147483647;
			files = (
			);
			runOnlyForDeploymentPostprocessing = 0;
		};
/* End PBXFrameworksBuildPhase section */

/* Begin PBXGroup section */
		D1DC451E21F616030089A0A8 = {
			isa = PBXGroup;
			children = (
				D1DC452921F616030089A0A8 /* albums */,
				D1DC452821F616030089A0A8 /* Products */,
			);
			sourceTree = "<group>";
		};
		D1DC452821F616030089A0A8 /* Products */ = {
			isa = PBXGroup;
			children = (
				D1DC452721F616030089A0A8 /* albums.app */,
			);
			name = Products;
			sourceTree = "<group>";
		};
		D1DC452921F616030089A0A8 /* albums */ = {
			isa = PBXGroup;
			children = (
				D1DC454021F618A10089A0A8 /* Storyboards */,
				D1DC455121F629950089A0A8 /* Controllers */,
				D1DC454221F618AF0089A0A8 /* Models */,
				D1DC454421F619020089A0A8 /* View Controllers */,
				D1DC454121F618AA0089A0A8 /* Views */,
				D1DC453E21F6186A0089A0A8 /* Helpers */,
				D1DC454321F618B90089A0A8 /* Resources */,
				D1DC453621F616060089A0A8 /* Info.plist */,
			);
			path = albums;
			sourceTree = "<group>";
		};
		D1DC453E21F6186A0089A0A8 /* Helpers */ = {
			isa = PBXGroup;
			children = (
				D1DC453C21F618400089A0A8 /* Appearance.swift */,
			);
			path = Helpers;
			sourceTree = "<group>";
		};
		D1DC454021F618A10089A0A8 /* Storyboards */ = {
			isa = PBXGroup;
			children = (
				D1DC452E21F616030089A0A8 /* Main.storyboard */,
				D1DC453321F616060089A0A8 /* LaunchScreen.storyboard */,
			);
			path = Storyboards;
			sourceTree = "<group>";
		};
		D1DC454121F618AA0089A0A8 /* Views */ = {
			isa = PBXGroup;
			children = (
				D1DC454921F619560089A0A8 /* AlbumsTableViewCell.swift */,
				D1DC454B21F619620089A0A8 /* AlbumsDetailTableViewCell.swift */,
			);
			path = Views;
			sourceTree = "<group>";
		};
		D1DC454221F618AF0089A0A8 /* Models */ = {
			isa = PBXGroup;
			children = (
				D1DC454F21F624C80089A0A8 /* exampleAlbum.json */,
				D1DC454D21F624070089A0A8 /* Album.swift */,
			);
			path = Models;
			sourceTree = "<group>";
		};
		D1DC454321F618B90089A0A8 /* Resources */ = {
			isa = PBXGroup;
			children = (
				D1DC452A21F616030089A0A8 /* AppDelegate.swift */,
				D1DC453121F616060089A0A8 /* Assets.xcassets */,
			);
			path = Resources;
			sourceTree = "<group>";
		};
		D1DC454421F619020089A0A8 /* View Controllers */ = {
			isa = PBXGroup;
			children = (
				D1DC454521F619310089A0A8 /* AlbumsTableViewController.swift */,
				D1DC454721F619430089A0A8 /* AlbumsDetailTableViewController.swift */,
			);
			path = "View Controllers";
			sourceTree = "<group>";
		};
		D1DC455121F629950089A0A8 /* Controllers */ = {
			isa = PBXGroup;
			children = (
				D1DC455221F629B00089A0A8 /* AlbumController.swift */,
			);
			path = Controllers;
			sourceTree = "<group>";
		};
/* End PBXGroup section */

/* Begin PBXNativeTarget section */
		D1DC452621F616030089A0A8 /* albums */ = {
			isa = PBXNativeTarget;
			buildConfigurationList = D1DC453921F616060089A0A8 /* Build configuration list for PBXNativeTarget "albums" */;
			buildPhases = (
				D1DC452321F616030089A0A8 /* Sources */,
				D1DC452421F616030089A0A8 /* Frameworks */,
				D1DC452521F616030089A0A8 /* Resources */,
			);
			buildRules = (
			);
			dependencies = (
			);
			name = albums;
			productName = albums;
			productReference = D1DC452721F616030089A0A8 /* albums.app */;
			productType = "com.apple.product-type.application";
		};
/* End PBXNativeTarget section */

/* Begin PBXProject section */
		D1DC451F21F616030089A0A8 /* Project object */ = {
			isa = PBXProject;
			attributes = {
				LastSwiftUpdateCheck = 1010;
				LastUpgradeCheck = 1010;
				ORGANIZATIONNAME = "Benjamin Hakes";
				TargetAttributes = {
					D1DC452621F616030089A0A8 = {
						CreatedOnToolsVersion = 10.1;
					};
				};
			};
			buildConfigurationList = D1DC452221F616030089A0A8 /* Build configuration list for PBXProject "albums" */;
			compatibilityVersion = "Xcode 9.3";
			developmentRegion = en;
			hasScannedForEncodings = 0;
			knownRegions = (
				en,
				Base,
			);
			mainGroup = D1DC451E21F616030089A0A8;
			productRefGroup = D1DC452821F616030089A0A8 /* Products */;
			projectDirPath = "";
			projectRoot = "";
			targets = (
				D1DC452621F616030089A0A8 /* albums */,
			);
		};
/* End PBXProject section */

/* Begin PBXResourcesBuildPhase section */
		D1DC452521F616030089A0A8 /* Resources */ = {
			isa = PBXResourcesBuildPhase;
			buildActionMask = 2147483647;
			files = (
				D1DC453521F616060089A0A8 /* LaunchScreen.storyboard in Resources */,
				D1DC453221F616060089A0A8 /* Assets.xcassets in Resources */,
				D1DC455021F624C90089A0A8 /* exampleAlbum.json in Resources */,
				D1DC453021F616030089A0A8 /* Main.storyboard in Resources */,
			);
			runOnlyForDeploymentPostprocessing = 0;
		};
/* End PBXResourcesBuildPhase section */

/* Begin PBXSourcesBuildPhase section */
		D1DC452321F616030089A0A8 /* Sources */ = {
			isa = PBXSourcesBuildPhase;
			buildActionMask = 2147483647;
			files = (
				D1DC452B21F616030089A0A8 /* AppDelegate.swift in Sources */,
				D1DC454621F619310089A0A8 /* AlbumsTableViewController.swift in Sources */,
				D1DC454821F619430089A0A8 /* AlbumsDetailTableViewController.swift in Sources */,
				D1DC454A21F619560089A0A8 /* AlbumsTableViewCell.swift in Sources */,
				D1DC454C21F619620089A0A8 /* AlbumsDetailTableViewCell.swift in Sources */,
				D1DC455321F629B00089A0A8 /* AlbumController.swift in Sources */,
				D1DC454E21F624070089A0A8 /* Album.swift in Sources */,
				D1DC453D21F618400089A0A8 /* Appearance.swift in Sources */,
			);
			runOnlyForDeploymentPostprocessing = 0;
		};
/* End PBXSourcesBuildPhase section */

/* Begin PBXVariantGroup section */
		D1DC452E21F616030089A0A8 /* Main.storyboard */ = {
			isa = PBXVariantGroup;
			children = (
				D1DC452F21F616030089A0A8 /* Base */,
			);
			name = Main.storyboard;
			sourceTree = "<group>";
		};
		D1DC453321F616060089A0A8 /* LaunchScreen.storyboard */ = {
			isa = PBXVariantGroup;
			children = (
				D1DC453421F616060089A0A8 /* Base */,
			);
			name = LaunchScreen.storyboard;
			sourceTree = "<group>";
		};
/* End PBXVariantGroup section */

/* Begin XCBuildConfiguration section */
		D1DC453721F616060089A0A8 /* Debug */ = {
			isa = XCBuildConfiguration;
			buildSettings = {
				ALWAYS_SEARCH_USER_PATHS = NO;
				CLANG_ANALYZER_NONNULL = YES;
				CLANG_ANALYZER_NUMBER_OBJECT_CONVERSION = YES_AGGRESSIVE;
				CLANG_CXX_LANGUAGE_STANDARD = "gnu++14";
				CLANG_CXX_LIBRARY = "libc++";
				CLANG_ENABLE_MODULES = YES;
				CLANG_ENABLE_OBJC_ARC = YES;
				CLANG_ENABLE_OBJC_WEAK = YES;
				CLANG_WARN_BLOCK_CAPTURE_AUTORELEASING = YES;
				CLANG_WARN_BOOL_CONVERSION = YES;
				CLANG_WARN_COMMA = YES;
				CLANG_WARN_CONSTANT_CONVERSION = YES;
				CLANG_WARN_DEPRECATED_OBJC_IMPLEMENTATIONS = YES;
				CLANG_WARN_DIRECT_OBJC_ISA_USAGE = YES_ERROR;
				CLANG_WARN_DOCUMENTATION_COMMENTS = YES;
				CLANG_WARN_EMPTY_BODY = YES;
				CLANG_WARN_ENUM_CONVERSION = YES;
				CLANG_WARN_INFINITE_RECURSION = YES;
				CLANG_WARN_INT_CONVERSION = YES;
				CLANG_WARN_NON_LITERAL_NULL_CONVERSION = YES;
				CLANG_WARN_OBJC_IMPLICIT_RETAIN_SELF = YES;
				CLANG_WARN_OBJC_LITERAL_CONVERSION = YES;
				CLANG_WARN_OBJC_ROOT_CLASS = YES_ERROR;
				CLANG_WARN_RANGE_LOOP_ANALYSIS = YES;
				CLANG_WARN_STRICT_PROTOTYPES = YES;
				CLANG_WARN_SUSPICIOUS_MOVE = YES;
				CLANG_WARN_UNGUARDED_AVAILABILITY = YES_AGGRESSIVE;
				CLANG_WARN_UNREACHABLE_CODE = YES;
				CLANG_WARN__DUPLICATE_METHOD_MATCH = YES;
				CODE_SIGN_IDENTITY = "iPhone Developer";
				COPY_PHASE_STRIP = NO;
				DEBUG_INFORMATION_FORMAT = dwarf;
				ENABLE_STRICT_OBJC_MSGSEND = YES;
				ENABLE_TESTABILITY = YES;
				GCC_C_LANGUAGE_STANDARD = gnu11;
				GCC_DYNAMIC_NO_PIC = NO;
				GCC_NO_COMMON_BLOCKS = YES;
				GCC_OPTIMIZATION_LEVEL = 0;
				GCC_PREPROCESSOR_DEFINITIONS = (
					"DEBUG=1",
					"$(inherited)",
				);
				GCC_WARN_64_TO_32_BIT_CONVERSION = YES;
				GCC_WARN_ABOUT_RETURN_TYPE = YES_ERROR;
				GCC_WARN_UNDECLARED_SELECTOR = YES;
				GCC_WARN_UNINITIALIZED_AUTOS = YES_AGGRESSIVE;
				GCC_WARN_UNUSED_FUNCTION = YES;
				GCC_WARN_UNUSED_VARIABLE = YES;
				IPHONEOS_DEPLOYMENT_TARGET = 12.1;
				MTL_ENABLE_DEBUG_INFO = INCLUDE_SOURCE;
				MTL_FAST_MATH = YES;
				ONLY_ACTIVE_ARCH = YES;
				SDKROOT = iphoneos;
				SWIFT_ACTIVE_COMPILATION_CONDITIONS = DEBUG;
				SWIFT_OPTIMIZATION_LEVEL = "-Onone";
			};
			name = Debug;
		};
		D1DC453821F616060089A0A8 /* Release */ = {
			isa = XCBuildConfiguration;
			buildSettings = {
				ALWAYS_SEARCH_USER_PATHS = NO;
				CLANG_ANALYZER_NONNULL = YES;
				CLANG_ANALYZER_NUMBER_OBJECT_CONVERSION = YES_AGGRESSIVE;
				CLANG_CXX_LANGUAGE_STANDARD = "gnu++14";
				CLANG_CXX_LIBRARY = "libc++";
				CLANG_ENABLE_MODULES = YES;
				CLANG_ENABLE_OBJC_ARC = YES;
				CLANG_ENABLE_OBJC_WEAK = YES;
				CLANG_WARN_BLOCK_CAPTURE_AUTORELEASING = YES;
				CLANG_WARN_BOOL_CONVERSION = YES;
				CLANG_WARN_COMMA = YES;
				CLANG_WARN_CONSTANT_CONVERSION = YES;
				CLANG_WARN_DEPRECATED_OBJC_IMPLEMENTATIONS = YES;
				CLANG_WARN_DIRECT_OBJC_ISA_USAGE = YES_ERROR;
				CLANG_WARN_DOCUMENTATION_COMMENTS = YES;
				CLANG_WARN_EMPTY_BODY = YES;
				CLANG_WARN_ENUM_CONVERSION = YES;
				CLANG_WARN_INFINITE_RECURSION = YES;
				CLANG_WARN_INT_CONVERSION = YES;
				CLANG_WARN_NON_LITERAL_NULL_CONVERSION = YES;
				CLANG_WARN_OBJC_IMPLICIT_RETAIN_SELF = YES;
				CLANG_WARN_OBJC_LITERAL_CONVERSION = YES;
				CLANG_WARN_OBJC_ROOT_CLASS = YES_ERROR;
				CLANG_WARN_RANGE_LOOP_ANALYSIS = YES;
				CLANG_WARN_STRICT_PROTOTYPES = YES;
				CLANG_WARN_SUSPICIOUS_MOVE = YES;
				CLANG_WARN_UNGUARDED_AVAILABILITY = YES_AGGRESSIVE;
				CLANG_WARN_UNREACHABLE_CODE = YES;
				CLANG_WARN__DUPLICATE_METHOD_MATCH = YES;
				CODE_SIGN_IDENTITY = "iPhone Developer";
				COPY_PHASE_STRIP = NO;
				DEBUG_INFORMATION_FORMAT = "dwarf-with-dsym";
				ENABLE_NS_ASSERTIONS = NO;
				ENABLE_STRICT_OBJC_MSGSEND = YES;
				GCC_C_LANGUAGE_STANDARD = gnu11;
				GCC_NO_COMMON_BLOCKS = YES;
				GCC_WARN_64_TO_32_BIT_CONVERSION = YES;
				GCC_WARN_ABOUT_RETURN_TYPE = YES_ERROR;
				GCC_WARN_UNDECLARED_SELECTOR = YES;
				GCC_WARN_UNINITIALIZED_AUTOS = YES_AGGRESSIVE;
				GCC_WARN_UNUSED_FUNCTION = YES;
				GCC_WARN_UNUSED_VARIABLE = YES;
				IPHONEOS_DEPLOYMENT_TARGET = 12.1;
				MTL_ENABLE_DEBUG_INFO = NO;
				MTL_FAST_MATH = YES;
				SDKROOT = iphoneos;
				SWIFT_COMPILATION_MODE = wholemodule;
				SWIFT_OPTIMIZATION_LEVEL = "-O";
				VALIDATE_PRODUCT = YES;
			};
			name = Release;
		};
		D1DC453A21F616060089A0A8 /* Debug */ = {
			isa = XCBuildConfiguration;
			buildSettings = {
				ASSETCATALOG_COMPILER_APPICON_NAME = AppIcon;
				CODE_SIGN_STYLE = Automatic;
				DEVELOPMENT_TEAM = S5U94G8XN2;
				INFOPLIST_FILE = albums/Info.plist;
				LD_RUNPATH_SEARCH_PATHS = (
					"$(inherited)",
					"@executable_path/Frameworks",
				);
				PRODUCT_BUNDLE_IDENTIFIER = com.mettabits.albums;
				PRODUCT_NAME = "$(TARGET_NAME)";
				SWIFT_VERSION = 4.2;
				TARGETED_DEVICE_FAMILY = "1,2";
			};
			name = Debug;
		};
		D1DC453B21F616060089A0A8 /* Release */ = {
			isa = XCBuildConfiguration;
			buildSettings = {
				ASSETCATALOG_COMPILER_APPICON_NAME = AppIcon;
				CODE_SIGN_STYLE = Automatic;
				DEVELOPMENT_TEAM = S5U94G8XN2;
				INFOPLIST_FILE = albums/Info.plist;
				LD_RUNPATH_SEARCH_PATHS = (
					"$(inherited)",
					"@executable_path/Frameworks",
				);
				PRODUCT_BUNDLE_IDENTIFIER = com.mettabits.albums;
				PRODUCT_NAME = "$(TARGET_NAME)";
				SWIFT_VERSION = 4.2;
				TARGETED_DEVICE_FAMILY = "1,2";
			};
			name = Release;
		};
/* End XCBuildConfiguration section */

/* Begin XCConfigurationList section */
		D1DC452221F616030089A0A8 /* Build configuration list for PBXProject "albums" */ = {
			isa = XCConfigurationList;
			buildConfigurations = (
				D1DC453721F616060089A0A8 /* Debug */,
				D1DC453821F616060089A0A8 /* Release */,
			);
			defaultConfigurationIsVisible = 0;
			defaultConfigurationName = Release;
		};
		D1DC453921F616060089A0A8 /* Build configuration list for PBXNativeTarget "albums" */ = {
			isa = XCConfigurationList;
			buildConfigurations = (
				D1DC453A21F616060089A0A8 /* Debug */,
				D1DC453B21F616060089A0A8 /* Release */,
			);
			defaultConfigurationIsVisible = 0;
			defaultConfigurationName = Release;
		};
/* End XCConfigurationList section */
	};
	rootObject = D1DC451F21F616030089A0A8 /* Project object */;
}
